// !$*UTF8*$!
{
	archiveVersion = 1;
	classes = {
	};
	objectVersion = 51;
	objects = {

/* Begin PBXBuildFile section */
		5BF13648B237CD0C2A6C1507 /* Pods___cookiecutter_app_name_____cookiecutter_app_name__Tests.framework in Frameworks */ = {isa = PBXBuildFile; fileRef = 8F0319BC5B279BBF78E2C8F8 /* Pods___cookiecutter_app_name_____cookiecutter_app_name__Tests.framework */; };
		5C10286B22CC4D7600A4F16F /* AppDelegateManager.swift in Sources */ = {isa = PBXBuildFile; fileRef = 5C10286A22CC4D7600A4F16F /* AppDelegateManager.swift */; };
		5C10286D22CC546000A4F16F /* PushNotificationsAppDelegate.swift in Sources */ = {isa = PBXBuildFile; fileRef = 5C10286C22CC546000A4F16F /* PushNotificationsAppDelegate.swift */; };
		5C10286F22CC54BA00A4F16F /* LaunchAppDelegate.swift in Sources */ = {isa = PBXBuildFile; fileRef = 5C10286E22CC54BA00A4F16F /* LaunchAppDelegate.swift */; };
		5C10287122CC554400A4F16F /* ThirdPartiesConfigurationAppDelegate.swift in Sources */ = {isa = PBXBuildFile; fileRef = 5C10287022CC554400A4F16F /* ThirdPartiesConfigurationAppDelegate.swift */; };
		5C10287822CC5E4900A4F16F /* Presentable.swift in Sources */ = {isa = PBXBuildFile; fileRef = 5C10287722CC5E4900A4F16F /* Presentable.swift */; };
		5C10287C22CC5F7F00A4F16F /* Router.swift in Sources */ = {isa = PBXBuildFile; fileRef = 5C10287B22CC5F7F00A4F16F /* Router.swift */; };
		5C10287E22CC604700A4F16F /* CoordinatorType.swift in Sources */ = {isa = PBXBuildFile; fileRef = 5C10287D22CC604700A4F16F /* CoordinatorType.swift */; };
		5C10288122CC608500A4F16F /* DeepLinkOption.swift in Sources */ = {isa = PBXBuildFile; fileRef = 5C10288022CC608500A4F16F /* DeepLinkOption.swift */; };
		5C10288322CC60D300A4F16F /* BaseCoordinator.swift in Sources */ = {isa = PBXBuildFile; fileRef = 5C10288222CC60D300A4F16F /* BaseCoordinator.swift */; };
		5C12D5F622C9EBA0009CE7E2 /* AppDelegate.swift in Sources */ = {isa = PBXBuildFile; fileRef = 5C12D5F522C9EBA0009CE7E2 /* AppDelegate.swift */; };
		5C12D5FD22C9EBAB009CE7E2 /* Assets.xcassets in Resources */ = {isa = PBXBuildFile; fileRef = 5C12D5FC22C9EBAB009CE7E2 /* Assets.xcassets */; };
		5C12D60022C9EBAB009CE7E2 /* LaunchScreen.storyboard in Resources */ = {isa = PBXBuildFile; fileRef = 5C12D5FE22C9EBAB009CE7E2 /* LaunchScreen.storyboard */; };
		5C12D60B22C9EBAB009CE7E2 /* __cookiecutter_app_name__Tests.swift in Sources */ = {isa = PBXBuildFile; fileRef = 5C12D60A22C9EBAB009CE7E2 /* __cookiecutter_app_name__Tests.swift */; };
		5C1EA28E22CF2B7100E4253D /* LaunchInstructor.swift in Sources */ = {isa = PBXBuildFile; fileRef = 5C1EA28D22CF2B7100E4253D /* LaunchInstructor.swift */; };
		5C1EA29122CF30E100E4253D /* Module.swift in Sources */ = {isa = PBXBuildFile; fileRef = 5C1EA29022CF30E100E4253D /* Module.swift */; };
		5C1EA2CF22CF3DE600E4253D /* Storyboarded.swift in Sources */ = {isa = PBXBuildFile; fileRef = 5C1EA2CE22CF3DE600E4253D /* Storyboarded.swift */; };
		5C1EA2D422CF3EEE00E4253D /* Onboarding.storyboard in Resources */ = {isa = PBXBuildFile; fileRef = 5C1EA2D022CF3EEE00E4253D /* Onboarding.storyboard */; };
		5C1EA2D522CF3EEE00E4253D /* OnboardingContracts.swift in Sources */ = {isa = PBXBuildFile; fileRef = 5C1EA2D122CF3EEE00E4253D /* OnboardingContracts.swift */; };
		5C1EA2D622CF3EEE00E4253D /* OnboardingViewController.swift in Sources */ = {isa = PBXBuildFile; fileRef = 5C1EA2D222CF3EEE00E4253D /* OnboardingViewController.swift */; };
		5C1EA2D722CF3EEE00E4253D /* OnboardingAssembly.swift in Sources */ = {isa = PBXBuildFile; fileRef = 5C1EA2D322CF3EEE00E4253D /* OnboardingAssembly.swift */; };
		5C2C2B3A22E5AAAA00CE7F41 /* AppAssembly.swift in Sources */ = {isa = PBXBuildFile; fileRef = 5C2C2B3922E5AAAA00CE7F41 /* AppAssembly.swift */; };
		5C2C2B3E22E5BADE00CE7F41 /* LogServiceAssembly.swift in Sources */ = {isa = PBXBuildFile; fileRef = 5C2C2B3B22E5BADE00CE7F41 /* LogServiceAssembly.swift */; };
		5C2C2B3F22E5BADE00CE7F41 /* LogService.swift in Sources */ = {isa = PBXBuildFile; fileRef = 5C2C2B3C22E5BADE00CE7F41 /* LogService.swift */; };
		5C2C2B4022E5BADE00CE7F41 /* LogServiceType.swift in Sources */ = {isa = PBXBuildFile; fileRef = 5C2C2B3D22E5BADE00CE7F41 /* LogServiceType.swift */; };
		5C2C2B4222E5C18900CE7F41 /* LogFormatter.swift in Sources */ = {isa = PBXBuildFile; fileRef = 5C2C2B4122E5C18900CE7F41 /* LogFormatter.swift */; };
		5C2C2B4422E5CAC700CE7F41 /* UIFont+App.swift in Sources */ = {isa = PBXBuildFile; fileRef = 5C2C2B4322E5CAC700CE7F41 /* UIFont+App.swift */; };
		5C2DBA3822DC364A001BF6F8 /* LoginContracts.swift in Sources */ = {isa = PBXBuildFile; fileRef = 5C2DBA3422DC364A001BF6F8 /* LoginContracts.swift */; };
		5C2DBA3922DC364A001BF6F8 /* LoginViewController.swift in Sources */ = {isa = PBXBuildFile; fileRef = 5C2DBA3522DC364A001BF6F8 /* LoginViewController.swift */; };
		5C2DBA3A22DC364A001BF6F8 /* LoginAssembly.swift in Sources */ = {isa = PBXBuildFile; fileRef = 5C2DBA3622DC364A001BF6F8 /* LoginAssembly.swift */; };
		5C2DBA4022DC3661001BF6F8 /* RegistrationContracts.swift in Sources */ = {isa = PBXBuildFile; fileRef = 5C2DBA3C22DC3661001BF6F8 /* RegistrationContracts.swift */; };
		5C2DBA4122DC3661001BF6F8 /* RegistrationViewController.swift in Sources */ = {isa = PBXBuildFile; fileRef = 5C2DBA3D22DC3661001BF6F8 /* RegistrationViewController.swift */; };
		5C2DBA4222DC3661001BF6F8 /* RegistrationAssembly.swift in Sources */ = {isa = PBXBuildFile; fileRef = 5C2DBA3E22DC3661001BF6F8 /* RegistrationAssembly.swift */; };
		5C2DBA4822DC37E0001BF6F8 /* AuthCoordinatorAssembly.swift in Sources */ = {isa = PBXBuildFile; fileRef = 5C2DBA4522DC37E0001BF6F8 /* AuthCoordinatorAssembly.swift */; };
		5C2DBA4922DC37E0001BF6F8 /* AuthCoordinator.swift in Sources */ = {isa = PBXBuildFile; fileRef = 5C2DBA4622DC37E0001BF6F8 /* AuthCoordinator.swift */; };
		5C2DBA4A22DC37E0001BF6F8 /* AuthCoordinatorType.swift in Sources */ = {isa = PBXBuildFile; fileRef = 5C2DBA4722DC37E0001BF6F8 /* AuthCoordinatorType.swift */; };
		5C2DBA4D22DC82CD001BF6F8 /* Authentication.storyboard in Resources */ = {isa = PBXBuildFile; fileRef = 5C2DBA4C22DC82CD001BF6F8 /* Authentication.storyboard */; };
		5C37A85322E803BE00CD080D /* LoadingView.swift in Sources */ = {isa = PBXBuildFile; fileRef = 5C37A84A22E803BE00CD080D /* LoadingView.swift */; };
		5C37A85422E803BE00CD080D /* NoConnectionView.swift in Sources */ = {isa = PBXBuildFile; fileRef = 5C37A84B22E803BE00CD080D /* NoConnectionView.swift */; };
		5C37A85522E803BE00CD080D /* CellType.swift in Sources */ = {isa = PBXBuildFile; fileRef = 5C37A84D22E803BE00CD080D /* CellType.swift */; };
		5C37A85622E803BE00CD080D /* BaseCollectionCell.swift in Sources */ = {isa = PBXBuildFile; fileRef = 5C37A84E22E803BE00CD080D /* BaseCollectionCell.swift */; };
		5C37A85722E803BE00CD080D /* BaseCellModel.swift in Sources */ = {isa = PBXBuildFile; fileRef = 5C37A85022E803BE00CD080D /* BaseCellModel.swift */; };
		5C37A85822E803BE00CD080D /* CellModelType.swift in Sources */ = {isa = PBXBuildFile; fileRef = 5C37A85122E803BE00CD080D /* CellModelType.swift */; };
		5C37A85922E803BE00CD080D /* BaseTableCell.swift in Sources */ = {isa = PBXBuildFile; fileRef = 5C37A85222E803BE00CD080D /* BaseTableCell.swift */; };
		5C37A85C22E8047C00CD080D /* UISearchBar+TextBackgroundColor.swift in Sources */ = {isa = PBXBuildFile; fileRef = 5C37A85A22E8047C00CD080D /* UISearchBar+TextBackgroundColor.swift */; };
		5C37A85D22E8047C00CD080D /* UIView+Anchors.swift in Sources */ = {isa = PBXBuildFile; fileRef = 5C37A85B22E8047C00CD080D /* UIView+Anchors.swift */; };
		5C37A85F22E804C700CD080D /* BaseCollectionViewController.swift in Sources */ = {isa = PBXBuildFile; fileRef = 5C37A85E22E804C700CD080D /* BaseCollectionViewController.swift */; };
		5C37A86922E84CCE00CD080D /* SearchBar.swift in Sources */ = {isa = PBXBuildFile; fileRef = 5C37A86822E84CCE00CD080D /* SearchBar.swift */; };
		5C37A86C22E84CF600CD080D /* Throttler.swift in Sources */ = {isa = PBXBuildFile; fileRef = 5C37A86B22E84CF600CD080D /* Throttler.swift */; };
		5C4F1E5D22E180EA00F67B82 /* Dictionary+Plist.swift in Sources */ = {isa = PBXBuildFile; fileRef = 5C4F1E5C22E180EA00F67B82 /* Dictionary+Plist.swift */; };
		5C4F1E6122E1C81100F67B82 /* Global+Extension.swift in Sources */ = {isa = PBXBuildFile; fileRef = 5C4F1E6022E1C81100F67B82 /* Global+Extension.swift */; };
		5C4F1E6322E1D02A00F67B82 /* DependencyManager.swift in Sources */ = {isa = PBXBuildFile; fileRef = 5C4F1E6222E1D02A00F67B82 /* DependencyManager.swift */; };
		5C8A5E9B22DD75F600884EF4 /* Main.storyboard in Resources */ = {isa = PBXBuildFile; fileRef = 5C8A5E9722DD75F600884EF4 /* Main.storyboard */; };
		5C8A5E9C22DD75F600884EF4 /* MainContracts.swift in Sources */ = {isa = PBXBuildFile; fileRef = 5C8A5E9822DD75F600884EF4 /* MainContracts.swift */; };
		5C8A5E9D22DD75F600884EF4 /* MainViewController.swift in Sources */ = {isa = PBXBuildFile; fileRef = 5C8A5E9922DD75F600884EF4 /* MainViewController.swift */; };
		5C8A5E9E22DD75F600884EF4 /* MainAssembly.swift in Sources */ = {isa = PBXBuildFile; fileRef = 5C8A5E9A22DD75F600884EF4 /* MainAssembly.swift */; };
		5C8A5EA322DD8B0500884EF4 /* UIColor+App.swift in Sources */ = {isa = PBXBuildFile; fileRef = 5C8A5EA222DD8B0500884EF4 /* UIColor+App.swift */; };
		5C8A5EB022DDB25800884EF4 /* TabbarContracts.swift in Sources */ = {isa = PBXBuildFile; fileRef = 5C8A5EAD22DDB25800884EF4 /* TabbarContracts.swift */; };
		5C8A5EB122DDB25800884EF4 /* TabbarViewController.swift in Sources */ = {isa = PBXBuildFile; fileRef = 5C8A5EAE22DDB25800884EF4 /* TabbarViewController.swift */; };
		5C8A5EB222DDB25800884EF4 /* TabbarAssembly.swift in Sources */ = {isa = PBXBuildFile; fileRef = 5C8A5EAF22DDB25800884EF4 /* TabbarAssembly.swift */; };
		5C8A5EB722DDB29F00884EF4 /* TabbarCoordinatorAssembly.swift in Sources */ = {isa = PBXBuildFile; fileRef = 5C8A5EB422DDB29E00884EF4 /* TabbarCoordinatorAssembly.swift */; };
		5C8A5EB822DDB29F00884EF4 /* TabbarCoordinator.swift in Sources */ = {isa = PBXBuildFile; fileRef = 5C8A5EB522DDB29E00884EF4 /* TabbarCoordinator.swift */; };
		5C8A5EB922DDB29F00884EF4 /* TabbarCoordinatorType.swift in Sources */ = {isa = PBXBuildFile; fileRef = 5C8A5EB622DDB29E00884EF4 /* TabbarCoordinatorType.swift */; };
		5C8A5EC122DDB52D00884EF4 /* TestContracts.swift in Sources */ = {isa = PBXBuildFile; fileRef = 5C8A5EBD22DDB52D00884EF4 /* TestContracts.swift */; };
		5C8A5EC222DDB52D00884EF4 /* TestViewController.swift in Sources */ = {isa = PBXBuildFile; fileRef = 5C8A5EBE22DDB52D00884EF4 /* TestViewController.swift */; };
		5C8A5EC322DDB52D00884EF4 /* TestAssembly.swift in Sources */ = {isa = PBXBuildFile; fileRef = 5C8A5EBF22DDB52D00884EF4 /* TestAssembly.swift */; };
		5C8A5EC922DDB53D00884EF4 /* DebugContracts.swift in Sources */ = {isa = PBXBuildFile; fileRef = 5C8A5EC522DDB53D00884EF4 /* DebugContracts.swift */; };
		5C8A5ECA22DDB53D00884EF4 /* DebugViewController.swift in Sources */ = {isa = PBXBuildFile; fileRef = 5C8A5EC622DDB53D00884EF4 /* DebugViewController.swift */; };
		5C8A5ECB22DDB53D00884EF4 /* DebugAssembly.swift in Sources */ = {isa = PBXBuildFile; fileRef = 5C8A5EC722DDB53D00884EF4 /* DebugAssembly.swift */; };
		5C9ACB2822D03CCD00B59620 /* MainCoordinatorAssembly.swift in Sources */ = {isa = PBXBuildFile; fileRef = 5C9ACB2522D03CCD00B59620 /* MainCoordinatorAssembly.swift */; };
		5C9ACB2922D03CCD00B59620 /* MainCoordinator.swift in Sources */ = {isa = PBXBuildFile; fileRef = 5C9ACB2622D03CCD00B59620 /* MainCoordinator.swift */; };
		5C9ACB2A22D03CCD00B59620 /* MainCoordinatorType.swift in Sources */ = {isa = PBXBuildFile; fileRef = 5C9ACB2722D03CCD00B59620 /* MainCoordinatorType.swift */; };
		5C9ACB3022D0418000B59620 /* AppCoordinatorAssembly.swift in Sources */ = {isa = PBXBuildFile; fileRef = 5C9ACB2D22D0418000B59620 /* AppCoordinatorAssembly.swift */; };
		5C9ACB3122D0418000B59620 /* AppCoordinator.swift in Sources */ = {isa = PBXBuildFile; fileRef = 5C9ACB2E22D0418000B59620 /* AppCoordinator.swift */; };
		5C9ACB3222D0418000B59620 /* AppCoordinatorType.swift in Sources */ = {isa = PBXBuildFile; fileRef = 5C9ACB2F22D0418000B59620 /* AppCoordinatorType.swift */; };
		5C9ACB3C22D0522100B59620 /* EnvironmentServiceAssembly.swift in Sources */ = {isa = PBXBuildFile; fileRef = 5C9ACB3922D0522100B59620 /* EnvironmentServiceAssembly.swift */; };
		5C9ACB3D22D0522100B59620 /* EnvironmentService.swift in Sources */ = {isa = PBXBuildFile; fileRef = 5C9ACB3A22D0522100B59620 /* EnvironmentService.swift */; };
		5C9ACB3E22D0522100B59620 /* EnvironmentServiceType.swift in Sources */ = {isa = PBXBuildFile; fileRef = 5C9ACB3B22D0522100B59620 /* EnvironmentServiceType.swift */; };
		5C9ACB4422D0580200B59620 /* AppConfigServiceAssembly.swift in Sources */ = {isa = PBXBuildFile; fileRef = 5C9ACB4122D0580200B59620 /* AppConfigServiceAssembly.swift */; };
		5C9ACB4522D0580200B59620 /* AppConfigService.swift in Sources */ = {isa = PBXBuildFile; fileRef = 5C9ACB4222D0580200B59620 /* AppConfigService.swift */; };
		5C9ACB4622D0580200B59620 /* AppConfigServiceType.swift in Sources */ = {isa = PBXBuildFile; fileRef = 5C9ACB4322D0580200B59620 /* AppConfigServiceType.swift */; };
		5CA2551D22CE5EC80030D30B /* ModuleAssembly.swift in Sources */ = {isa = PBXBuildFile; fileRef = 5CA2551C22CE5EC80030D30B /* ModuleAssembly.swift */; };
		5CD8E18C22CAFF2F008E142C /* Configuration.swift in Sources */ = {isa = PBXBuildFile; fileRef = 5CD8E18B22CAFF2F008E142C /* Configuration.swift */; };
		F8727BA5422F17E934C1C80C /* Pods___cookiecutter_app_name__.framework in Frameworks */ = {isa = PBXBuildFile; fileRef = 10FEF9997B08DF7494E2A4A2 /* Pods___cookiecutter_app_name__.framework */; };
/* End PBXBuildFile section */

/* Begin PBXContainerItemProxy section */
		5C12D60722C9EBAB009CE7E2 /* PBXContainerItemProxy */ = {
			isa = PBXContainerItemProxy;
			containerPortal = 5C12D5EA22C9EBA0009CE7E2 /* Project object */;
			proxyType = 1;
			remoteGlobalIDString = 5C12D5F122C9EBA0009CE7E2;
			remoteInfo = "{{cookiecutter.app_name}}";
		};
/* End PBXContainerItemProxy section */

/* Begin PBXFileReference section */
		01CEC77430310FBED1ACC661 /* Pods-{{cookiecutter.app_name}}-{{cookiecutter.app_name}}Tests.staging.xcconfig */ = {isa = PBXFileReference; includeInIndex = 1; lastKnownFileType = text.xcconfig; name = "Pods-{{cookiecutter.app_name}}-{{cookiecutter.app_name}}Tests.staging.xcconfig"; path = "Target Support Files/Pods-{{cookiecutter.app_name}}-{{cookiecutter.app_name}}Tests/Pods-{{cookiecutter.app_name}}-{{cookiecutter.app_name}}Tests.staging.xcconfig"; sourceTree = "<group>"; };
		10FEF9997B08DF7494E2A4A2 /* Pods___cookiecutter_app_name__.framework */ = {isa = PBXFileReference; explicitFileType = wrapper.framework; includeInIndex = 0; path = "Pods___cookiecutter_app_name__.framework"; sourceTree = BUILT_PRODUCTS_DIR; };
		1BF1E9CCE78C001CFAD2149C /* Pods-{{cookiecutter.app_name}}.production.xcconfig */ = {isa = PBXFileReference; includeInIndex = 1; lastKnownFileType = text.xcconfig; name = "Pods-{{cookiecutter.app_name}}.production.xcconfig"; path = "Target Support Files/Pods-{{cookiecutter.app_name}}/Pods-{{cookiecutter.app_name}}.production.xcconfig"; sourceTree = "<group>"; };
		27AC7D1B79891D690E2072E2 /* Pods-{{cookiecutter.app_name}}.staging.xcconfig */ = {isa = PBXFileReference; includeInIndex = 1; lastKnownFileType = text.xcconfig; name = "Pods-{{cookiecutter.app_name}}.staging.xcconfig"; path = "Target Support Files/Pods-{{cookiecutter.app_name}}/Pods-{{cookiecutter.app_name}}.staging.xcconfig"; sourceTree = "<group>"; };
		2F0547D7E9A800CB9D5529A0 /* Pods-{{cookiecutter.app_name}}-{{cookiecutter.app_name}}Tests.development.xcconfig */ = {isa = PBXFileReference; includeInIndex = 1; lastKnownFileType = text.xcconfig; name = "Pods-{{cookiecutter.app_name}}-{{cookiecutter.app_name}}Tests.development.xcconfig"; path = "Target Support Files/Pods-{{cookiecutter.app_name}}-{{cookiecutter.app_name}}Tests/Pods-{{cookiecutter.app_name}}-{{cookiecutter.app_name}}Tests.development.xcconfig"; sourceTree = "<group>"; };
		32884BE2BF2731E487ECC9B2 /* Pods-{{cookiecutter.app_name}}-{{cookiecutter.app_name}}Tests.production.xcconfig */ = {isa = PBXFileReference; includeInIndex = 1; lastKnownFileType = text.xcconfig; name = "Pods-{{cookiecutter.app_name}}-{{cookiecutter.app_name}}Tests.production.xcconfig"; path = "Target Support Files/Pods-{{cookiecutter.app_name}}-{{cookiecutter.app_name}}Tests/Pods-{{cookiecutter.app_name}}-{{cookiecutter.app_name}}Tests.production.xcconfig"; sourceTree = "<group>"; };
		5C10286A22CC4D7600A4F16F /* AppDelegateManager.swift */ = {isa = PBXFileReference; lastKnownFileType = sourcecode.swift; path = AppDelegateManager.swift; sourceTree = "<group>"; };
		5C10286C22CC546000A4F16F /* PushNotificationsAppDelegate.swift */ = {isa = PBXFileReference; lastKnownFileType = sourcecode.swift; path = PushNotificationsAppDelegate.swift; sourceTree = "<group>"; };
		5C10286E22CC54BA00A4F16F /* LaunchAppDelegate.swift */ = {isa = PBXFileReference; lastKnownFileType = sourcecode.swift; path = LaunchAppDelegate.swift; sourceTree = "<group>"; };
		5C10287022CC554400A4F16F /* ThirdPartiesConfigurationAppDelegate.swift */ = {isa = PBXFileReference; lastKnownFileType = sourcecode.swift; path = ThirdPartiesConfigurationAppDelegate.swift; sourceTree = "<group>"; };
		5C10287722CC5E4900A4F16F /* Presentable.swift */ = {isa = PBXFileReference; fileEncoding = 4; lastKnownFileType = sourcecode.swift; path = Presentable.swift; sourceTree = "<group>"; };
		5C10287B22CC5F7F00A4F16F /* Router.swift */ = {isa = PBXFileReference; fileEncoding = 4; lastKnownFileType = sourcecode.swift; path = Router.swift; sourceTree = "<group>"; };
		5C10287D22CC604700A4F16F /* CoordinatorType.swift */ = {isa = PBXFileReference; fileEncoding = 4; lastKnownFileType = sourcecode.swift; path = CoordinatorType.swift; sourceTree = "<group>"; };
		5C10288022CC608500A4F16F /* DeepLinkOption.swift */ = {isa = PBXFileReference; fileEncoding = 4; lastKnownFileType = sourcecode.swift; path = DeepLinkOption.swift; sourceTree = "<group>"; };
		5C10288222CC60D300A4F16F /* BaseCoordinator.swift */ = {isa = PBXFileReference; fileEncoding = 4; lastKnownFileType = sourcecode.swift; path = BaseCoordinator.swift; sourceTree = "<group>"; };
		5C12D5F222C9EBA0009CE7E2 /* {{cookiecutter.app_name}}.app */ = {isa = PBXFileReference; explicitFileType = wrapper.application; includeInIndex = 0; path = "{{cookiecutter.app_name}}.app"; sourceTree = BUILT_PRODUCTS_DIR; };
		5C12D5F522C9EBA0009CE7E2 /* AppDelegate.swift */ = {isa = PBXFileReference; lastKnownFileType = sourcecode.swift; path = AppDelegate.swift; sourceTree = "<group>"; };
		5C12D5FC22C9EBAB009CE7E2 /* Assets.xcassets */ = {isa = PBXFileReference; lastKnownFileType = folder.assetcatalog; path = Assets.xcassets; sourceTree = "<group>"; };
		5C12D5FF22C9EBAB009CE7E2 /* Base */ = {isa = PBXFileReference; lastKnownFileType = file.storyboard; name = Base; path = Base.lproj/LaunchScreen.storyboard; sourceTree = "<group>"; };
		5C12D60122C9EBAB009CE7E2 /* Info.plist */ = {isa = PBXFileReference; lastKnownFileType = text.plist.xml; path = Info.plist; sourceTree = "<group>"; };
		5C12D60622C9EBAB009CE7E2 /* {{cookiecutter.app_name}}Tests.xctest */ = {isa = PBXFileReference; explicitFileType = wrapper.cfbundle; includeInIndex = 0; path = "{{cookiecutter.app_name}}Tests.xctest"; sourceTree = BUILT_PRODUCTS_DIR; };
		5C12D60A22C9EBAB009CE7E2 /* __cookiecutter_app_name__Tests.swift */ = {isa = PBXFileReference; lastKnownFileType = sourcecode.swift; path = __cookiecutter_app_name__Tests.swift; sourceTree = "<group>"; };
		5C12D60C22C9EBAB009CE7E2 /* Info.plist */ = {isa = PBXFileReference; lastKnownFileType = text.plist.xml; path = Info.plist; sourceTree = "<group>"; };
		5C12D61922C9F985009CE7E2 /* development.xcconfig */ = {isa = PBXFileReference; lastKnownFileType = text.xcconfig; path = development.xcconfig; sourceTree = "<group>"; };
		5C12D61A22C9F996009CE7E2 /* staging.xcconfig */ = {isa = PBXFileReference; lastKnownFileType = text.xcconfig; path = staging.xcconfig; sourceTree = "<group>"; };
		5C12D61B22C9F9A6009CE7E2 /* production.xcconfig */ = {isa = PBXFileReference; lastKnownFileType = text.xcconfig; path = production.xcconfig; sourceTree = "<group>"; };
		5C1EA28D22CF2B7100E4253D /* LaunchInstructor.swift */ = {isa = PBXFileReference; lastKnownFileType = sourcecode.swift; path = LaunchInstructor.swift; sourceTree = "<group>"; };
		5C1EA29022CF30E100E4253D /* Module.swift */ = {isa = PBXFileReference; lastKnownFileType = sourcecode.swift; path = Module.swift; sourceTree = "<group>"; };
		5C1EA2CE22CF3DE600E4253D /* Storyboarded.swift */ = {isa = PBXFileReference; lastKnownFileType = sourcecode.swift; path = Storyboarded.swift; sourceTree = "<group>"; };
		5C1EA2D022CF3EEE00E4253D /* Onboarding.storyboard */ = {isa = PBXFileReference; lastKnownFileType = file.storyboard; path = Onboarding.storyboard; sourceTree = "<group>"; };
		5C1EA2D122CF3EEE00E4253D /* OnboardingContracts.swift */ = {isa = PBXFileReference; lastKnownFileType = sourcecode.swift; path = OnboardingContracts.swift; sourceTree = "<group>"; };
		5C1EA2D222CF3EEE00E4253D /* OnboardingViewController.swift */ = {isa = PBXFileReference; lastKnownFileType = sourcecode.swift; path = OnboardingViewController.swift; sourceTree = "<group>"; };
		5C1EA2D322CF3EEE00E4253D /* OnboardingAssembly.swift */ = {isa = PBXFileReference; lastKnownFileType = sourcecode.swift; path = OnboardingAssembly.swift; sourceTree = "<group>"; };
		5C2C2B3922E5AAAA00CE7F41 /* AppAssembly.swift */ = {isa = PBXFileReference; lastKnownFileType = sourcecode.swift; path = AppAssembly.swift; sourceTree = "<group>"; };
		5C2C2B3B22E5BADE00CE7F41 /* LogServiceAssembly.swift */ = {isa = PBXFileReference; lastKnownFileType = sourcecode.swift; path = LogServiceAssembly.swift; sourceTree = "<group>"; };
		5C2C2B3C22E5BADE00CE7F41 /* LogService.swift */ = {isa = PBXFileReference; lastKnownFileType = sourcecode.swift; path = LogService.swift; sourceTree = "<group>"; };
		5C2C2B3D22E5BADE00CE7F41 /* LogServiceType.swift */ = {isa = PBXFileReference; lastKnownFileType = sourcecode.swift; path = LogServiceType.swift; sourceTree = "<group>"; };
		5C2C2B4122E5C18900CE7F41 /* LogFormatter.swift */ = {isa = PBXFileReference; lastKnownFileType = sourcecode.swift; path = LogFormatter.swift; sourceTree = "<group>"; };
		5C2C2B4322E5CAC700CE7F41 /* UIFont+App.swift */ = {isa = PBXFileReference; lastKnownFileType = sourcecode.swift; path = "UIFont+App.swift"; sourceTree = "<group>"; };
		5C2DBA3422DC364A001BF6F8 /* LoginContracts.swift */ = {isa = PBXFileReference; lastKnownFileType = sourcecode.swift; path = LoginContracts.swift; sourceTree = "<group>"; };
		5C2DBA3522DC364A001BF6F8 /* LoginViewController.swift */ = {isa = PBXFileReference; lastKnownFileType = sourcecode.swift; path = LoginViewController.swift; sourceTree = "<group>"; };
		5C2DBA3622DC364A001BF6F8 /* LoginAssembly.swift */ = {isa = PBXFileReference; lastKnownFileType = sourcecode.swift; path = LoginAssembly.swift; sourceTree = "<group>"; };
		5C2DBA3C22DC3661001BF6F8 /* RegistrationContracts.swift */ = {isa = PBXFileReference; lastKnownFileType = sourcecode.swift; path = RegistrationContracts.swift; sourceTree = "<group>"; };
		5C2DBA3D22DC3661001BF6F8 /* RegistrationViewController.swift */ = {isa = PBXFileReference; lastKnownFileType = sourcecode.swift; path = RegistrationViewController.swift; sourceTree = "<group>"; };
		5C2DBA3E22DC3661001BF6F8 /* RegistrationAssembly.swift */ = {isa = PBXFileReference; lastKnownFileType = sourcecode.swift; path = RegistrationAssembly.swift; sourceTree = "<group>"; };
		5C2DBA4522DC37E0001BF6F8 /* AuthCoordinatorAssembly.swift */ = {isa = PBXFileReference; lastKnownFileType = sourcecode.swift; path = AuthCoordinatorAssembly.swift; sourceTree = "<group>"; };
		5C2DBA4622DC37E0001BF6F8 /* AuthCoordinator.swift */ = {isa = PBXFileReference; lastKnownFileType = sourcecode.swift; path = AuthCoordinator.swift; sourceTree = "<group>"; };
		5C2DBA4722DC37E0001BF6F8 /* AuthCoordinatorType.swift */ = {isa = PBXFileReference; lastKnownFileType = sourcecode.swift; path = AuthCoordinatorType.swift; sourceTree = "<group>"; };
		5C2DBA4C22DC82CD001BF6F8 /* Authentication.storyboard */ = {isa = PBXFileReference; fileEncoding = 4; lastKnownFileType = file.storyboard; path = Authentication.storyboard; sourceTree = "<group>"; };
		5C37A84A22E803BE00CD080D /* LoadingView.swift */ = {isa = PBXFileReference; fileEncoding = 4; lastKnownFileType = sourcecode.swift; path = LoadingView.swift; sourceTree = "<group>"; };
		5C37A84B22E803BE00CD080D /* NoConnectionView.swift */ = {isa = PBXFileReference; fileEncoding = 4; lastKnownFileType = sourcecode.swift; path = NoConnectionView.swift; sourceTree = "<group>"; };
		5C37A84D22E803BE00CD080D /* CellType.swift */ = {isa = PBXFileReference; fileEncoding = 4; lastKnownFileType = sourcecode.swift; path = CellType.swift; sourceTree = "<group>"; };
		5C37A84E22E803BE00CD080D /* BaseCollectionCell.swift */ = {isa = PBXFileReference; fileEncoding = 4; lastKnownFileType = sourcecode.swift; path = BaseCollectionCell.swift; sourceTree = "<group>"; };
		5C37A85022E803BE00CD080D /* BaseCellModel.swift */ = {isa = PBXFileReference; fileEncoding = 4; lastKnownFileType = sourcecode.swift; path = BaseCellModel.swift; sourceTree = "<group>"; };
		5C37A85122E803BE00CD080D /* CellModelType.swift */ = {isa = PBXFileReference; fileEncoding = 4; lastKnownFileType = sourcecode.swift; path = CellModelType.swift; sourceTree = "<group>"; };
		5C37A85222E803BE00CD080D /* BaseTableCell.swift */ = {isa = PBXFileReference; fileEncoding = 4; lastKnownFileType = sourcecode.swift; path = BaseTableCell.swift; sourceTree = "<group>"; };
		5C37A85A22E8047C00CD080D /* UISearchBar+TextBackgroundColor.swift */ = {isa = PBXFileReference; fileEncoding = 4; lastKnownFileType = sourcecode.swift; path = "UISearchBar+TextBackgroundColor.swift"; sourceTree = "<group>"; };
		5C37A85B22E8047C00CD080D /* UIView+Anchors.swift */ = {isa = PBXFileReference; fileEncoding = 4; lastKnownFileType = sourcecode.swift; path = "UIView+Anchors.swift"; sourceTree = "<group>"; };
		5C37A85E22E804C700CD080D /* BaseCollectionViewController.swift */ = {isa = PBXFileReference; fileEncoding = 4; lastKnownFileType = sourcecode.swift; path = BaseCollectionViewController.swift; sourceTree = "<group>"; };
		5C37A86822E84CCE00CD080D /* SearchBar.swift */ = {isa = PBXFileReference; fileEncoding = 4; lastKnownFileType = sourcecode.swift; path = SearchBar.swift; sourceTree = "<group>"; };
		5C37A86B22E84CF600CD080D /* Throttler.swift */ = {isa = PBXFileReference; fileEncoding = 4; lastKnownFileType = sourcecode.swift; path = Throttler.swift; sourceTree = "<group>"; };
		5C4F1E5C22E180EA00F67B82 /* Dictionary+Plist.swift */ = {isa = PBXFileReference; lastKnownFileType = sourcecode.swift; path = "Dictionary+Plist.swift"; sourceTree = "<group>"; };
		5C4F1E6022E1C81100F67B82 /* Global+Extension.swift */ = {isa = PBXFileReference; lastKnownFileType = sourcecode.swift; path = "Global+Extension.swift"; sourceTree = "<group>"; };
		5C4F1E6222E1D02A00F67B82 /* DependencyManager.swift */ = {isa = PBXFileReference; lastKnownFileType = sourcecode.swift; path = DependencyManager.swift; sourceTree = "<group>"; };
		5C8A5E9722DD75F600884EF4 /* Main.storyboard */ = {isa = PBXFileReference; lastKnownFileType = file.storyboard; path = Main.storyboard; sourceTree = "<group>"; };
		5C8A5E9822DD75F600884EF4 /* MainContracts.swift */ = {isa = PBXFileReference; lastKnownFileType = sourcecode.swift; path = MainContracts.swift; sourceTree = "<group>"; };
		5C8A5E9922DD75F600884EF4 /* MainViewController.swift */ = {isa = PBXFileReference; lastKnownFileType = sourcecode.swift; path = MainViewController.swift; sourceTree = "<group>"; };
		5C8A5E9A22DD75F600884EF4 /* MainAssembly.swift */ = {isa = PBXFileReference; lastKnownFileType = sourcecode.swift; path = MainAssembly.swift; sourceTree = "<group>"; };
		5C8A5EA222DD8B0500884EF4 /* UIColor+App.swift */ = {isa = PBXFileReference; lastKnownFileType = sourcecode.swift; path = "UIColor+App.swift"; sourceTree = "<group>"; };
		5C8A5EAD22DDB25800884EF4 /* TabbarContracts.swift */ = {isa = PBXFileReference; lastKnownFileType = sourcecode.swift; path = TabbarContracts.swift; sourceTree = "<group>"; };
		5C8A5EAE22DDB25800884EF4 /* TabbarViewController.swift */ = {isa = PBXFileReference; lastKnownFileType = sourcecode.swift; path = TabbarViewController.swift; sourceTree = "<group>"; };
		5C8A5EAF22DDB25800884EF4 /* TabbarAssembly.swift */ = {isa = PBXFileReference; lastKnownFileType = sourcecode.swift; path = TabbarAssembly.swift; sourceTree = "<group>"; };
		5C8A5EB422DDB29E00884EF4 /* TabbarCoordinatorAssembly.swift */ = {isa = PBXFileReference; lastKnownFileType = sourcecode.swift; path = TabbarCoordinatorAssembly.swift; sourceTree = "<group>"; };
		5C8A5EB522DDB29E00884EF4 /* TabbarCoordinator.swift */ = {isa = PBXFileReference; lastKnownFileType = sourcecode.swift; path = TabbarCoordinator.swift; sourceTree = "<group>"; };
		5C8A5EB622DDB29E00884EF4 /* TabbarCoordinatorType.swift */ = {isa = PBXFileReference; lastKnownFileType = sourcecode.swift; path = TabbarCoordinatorType.swift; sourceTree = "<group>"; };
		5C8A5EBD22DDB52D00884EF4 /* TestContracts.swift */ = {isa = PBXFileReference; lastKnownFileType = sourcecode.swift; path = TestContracts.swift; sourceTree = "<group>"; };
		5C8A5EBE22DDB52D00884EF4 /* TestViewController.swift */ = {isa = PBXFileReference; lastKnownFileType = sourcecode.swift; path = TestViewController.swift; sourceTree = "<group>"; };
		5C8A5EBF22DDB52D00884EF4 /* TestAssembly.swift */ = {isa = PBXFileReference; lastKnownFileType = sourcecode.swift; path = TestAssembly.swift; sourceTree = "<group>"; };
		5C8A5EC522DDB53D00884EF4 /* DebugContracts.swift */ = {isa = PBXFileReference; lastKnownFileType = sourcecode.swift; path = DebugContracts.swift; sourceTree = "<group>"; };
		5C8A5EC622DDB53D00884EF4 /* DebugViewController.swift */ = {isa = PBXFileReference; lastKnownFileType = sourcecode.swift; path = DebugViewController.swift; sourceTree = "<group>"; };
		5C8A5EC722DDB53D00884EF4 /* DebugAssembly.swift */ = {isa = PBXFileReference; lastKnownFileType = sourcecode.swift; path = DebugAssembly.swift; sourceTree = "<group>"; };
		5C9ACB2522D03CCD00B59620 /* MainCoordinatorAssembly.swift */ = {isa = PBXFileReference; lastKnownFileType = sourcecode.swift; path = MainCoordinatorAssembly.swift; sourceTree = "<group>"; };
		5C9ACB2622D03CCD00B59620 /* MainCoordinator.swift */ = {isa = PBXFileReference; lastKnownFileType = sourcecode.swift; path = MainCoordinator.swift; sourceTree = "<group>"; };
		5C9ACB2722D03CCD00B59620 /* MainCoordinatorType.swift */ = {isa = PBXFileReference; lastKnownFileType = sourcecode.swift; path = MainCoordinatorType.swift; sourceTree = "<group>"; };
		5C9ACB2D22D0418000B59620 /* AppCoordinatorAssembly.swift */ = {isa = PBXFileReference; lastKnownFileType = sourcecode.swift; path = AppCoordinatorAssembly.swift; sourceTree = "<group>"; };
		5C9ACB2E22D0418000B59620 /* AppCoordinator.swift */ = {isa = PBXFileReference; lastKnownFileType = sourcecode.swift; path = AppCoordinator.swift; sourceTree = "<group>"; };
		5C9ACB2F22D0418000B59620 /* AppCoordinatorType.swift */ = {isa = PBXFileReference; lastKnownFileType = sourcecode.swift; path = AppCoordinatorType.swift; sourceTree = "<group>"; };
		5C9ACB3922D0522100B59620 /* EnvironmentServiceAssembly.swift */ = {isa = PBXFileReference; lastKnownFileType = sourcecode.swift; path = EnvironmentServiceAssembly.swift; sourceTree = "<group>"; };
		5C9ACB3A22D0522100B59620 /* EnvironmentService.swift */ = {isa = PBXFileReference; lastKnownFileType = sourcecode.swift; path = EnvironmentService.swift; sourceTree = "<group>"; };
		5C9ACB3B22D0522100B59620 /* EnvironmentServiceType.swift */ = {isa = PBXFileReference; lastKnownFileType = sourcecode.swift; path = EnvironmentServiceType.swift; sourceTree = "<group>"; };
		5C9ACB4122D0580200B59620 /* AppConfigServiceAssembly.swift */ = {isa = PBXFileReference; lastKnownFileType = sourcecode.swift; path = AppConfigServiceAssembly.swift; sourceTree = "<group>"; };
		5C9ACB4222D0580200B59620 /* AppConfigService.swift */ = {isa = PBXFileReference; lastKnownFileType = sourcecode.swift; path = AppConfigService.swift; sourceTree = "<group>"; };
		5C9ACB4322D0580200B59620 /* AppConfigServiceType.swift */ = {isa = PBXFileReference; lastKnownFileType = sourcecode.swift; path = AppConfigServiceType.swift; sourceTree = "<group>"; };
		5CA2551C22CE5EC80030D30B /* ModuleAssembly.swift */ = {isa = PBXFileReference; lastKnownFileType = sourcecode.swift; path = ModuleAssembly.swift; sourceTree = "<group>"; };
		5CD8225E22DF215B005E89E5 /* .swiftlint.yml */ = {isa = PBXFileReference; lastKnownFileType = text; path = .swiftlint.yml; sourceTree = "<group>"; };
		5CD8E18B22CAFF2F008E142C /* Configuration.swift */ = {isa = PBXFileReference; lastKnownFileType = sourcecode.swift; path = Configuration.swift; sourceTree = "<group>"; };
		8F0319BC5B279BBF78E2C8F8 /* Pods___cookiecutter_app_name_____cookiecutter_app_name__Tests.framework */ = {isa = PBXFileReference; explicitFileType = wrapper.framework; includeInIndex = 0; path = "Pods___cookiecutter_app_name_____cookiecutter_app_name__Tests.framework"; sourceTree = BUILT_PRODUCTS_DIR; };
		E304A9DD4F769BFAE464AC3A /* Pods-{{cookiecutter.app_name}}.development.xcconfig */ = {isa = PBXFileReference; includeInIndex = 1; lastKnownFileType = text.xcconfig; name = "Pods-{{cookiecutter.app_name}}.development.xcconfig"; path = "Target Support Files/Pods-{{cookiecutter.app_name}}/Pods-{{cookiecutter.app_name}}.development.xcconfig"; sourceTree = "<group>"; };
/* End PBXFileReference section */

/* Begin PBXFrameworksBuildPhase section */
		5C12D5EF22C9EBA0009CE7E2 /* Frameworks */ = {
			isa = PBXFrameworksBuildPhase;
			buildActionMask = 2147483647;
			files = (
				F8727BA5422F17E934C1C80C /* Pods___cookiecutter_app_name__.framework in Frameworks */,
			);
			runOnlyForDeploymentPostprocessing = 0;
		};
		5C12D60322C9EBAB009CE7E2 /* Frameworks */ = {
			isa = PBXFrameworksBuildPhase;
			buildActionMask = 2147483647;
			files = (
				5BF13648B237CD0C2A6C1507 /* Pods___cookiecutter_app_name_____cookiecutter_app_name__Tests.framework in Frameworks */,
			);
			runOnlyForDeploymentPostprocessing = 0;
		};
/* End PBXFrameworksBuildPhase section */

/* Begin PBXGroup section */
		5C10286522CC48D100A4F16F /* Resources */ = {
			isa = PBXGroup;
			children = (
				5C10288622CC62CD00A4F16F /* Storyboards */,
				5C10288522CC62A700A4F16F /* Configs */,
				5C12D5FC22C9EBAB009CE7E2 /* Assets.xcassets */,
			);
			path = Resources;
			sourceTree = "<group>";
		};
		5C10286622CC48F900A4F16F /* Classes */ = {
			isa = PBXGroup;
			children = (
				5C10286922CC4BFB00A4F16F /* AppDelegate */,
				5CA2551E22CE602F0030D30B /* Assemblys */,
				5C10286722CC4B9500A4F16F /* Core */,
				5C1EA2CC22CF3C2B00E4253D /* Extensions */,
			);
			path = Classes;
			sourceTree = "<group>";
		};
		5C10286722CC4B9500A4F16F /* Core */ = {
			isa = PBXGroup;
			children = (
				5C10287522CC5D8900A4F16F /* AppDelegate */,
				5C12D61822C9F791009CE7E2 /* Configs */,
				5C10287922CC5EDA00A4F16F /* Coordinator */,
				5C10287F22CC606800A4F16F /* Deeplink */,
				5CA2551B22CE5EA00030D30B /* DI */,
				5C1EA28F22CF30CA00E4253D /* Module */,
				5C10287622CC5DFC00A4F16F /* Protocols */,
				5C10287A22CC5F6900A4F16F /* Router */,
				5C9ACB1722D037C100B59620 /* Services */,
				5C1EA2CD22CF3DCA00E4253D /* Storyboard */,
				5C37A86A22E84CF600CD080D /* Utils */,
				5C37A84922E8038C00CD080D /* ViewControllers */,
				5C37A84822E8038200CD080D /* Views */,
			);
			path = Core;
			sourceTree = "<group>";
		};
		5C10286922CC4BFB00A4F16F /* AppDelegate */ = {
			isa = PBXGroup;
			children = (
				5C2C2B3822E576BA00CE7F41 /* Services */,
				5C12D5F522C9EBA0009CE7E2 /* AppDelegate.swift */,
				5C2C2B3922E5AAAA00CE7F41 /* AppAssembly.swift */,
			);
			path = AppDelegate;
			sourceTree = "<group>";
		};
		5C10287522CC5D8900A4F16F /* AppDelegate */ = {
			isa = PBXGroup;
			children = (
				5C10286A22CC4D7600A4F16F /* AppDelegateManager.swift */,
			);
			path = AppDelegate;
			sourceTree = "<group>";
		};
		5C10287622CC5DFC00A4F16F /* Protocols */ = {
			isa = PBXGroup;
			children = (
				5C10287722CC5E4900A4F16F /* Presentable.swift */,
			);
			path = Protocols;
			sourceTree = "<group>";
		};
		5C10287922CC5EDA00A4F16F /* Coordinator */ = {
			isa = PBXGroup;
			children = (
				5C10288222CC60D300A4F16F /* BaseCoordinator.swift */,
				5C10287D22CC604700A4F16F /* CoordinatorType.swift */,
			);
			path = Coordinator;
			sourceTree = "<group>";
		};
		5C10287A22CC5F6900A4F16F /* Router */ = {
			isa = PBXGroup;
			children = (
				5C10287B22CC5F7F00A4F16F /* Router.swift */,
			);
			path = Router;
			sourceTree = "<group>";
		};
		5C10287F22CC606800A4F16F /* Deeplink */ = {
			isa = PBXGroup;
			children = (
				5C10288022CC608500A4F16F /* DeepLinkOption.swift */,
			);
			path = Deeplink;
			sourceTree = "<group>";
		};
		5C10288422CC628900A4F16F /* Supporting Files */ = {
			isa = PBXGroup;
			children = (
				5C12D60122C9EBAB009CE7E2 /* Info.plist */,
			);
			name = "Supporting Files";
			sourceTree = "<group>";
		};
		5C10288522CC62A700A4F16F /* Configs */ = {
			isa = PBXGroup;
			children = (
				5C12D61922C9F985009CE7E2 /* development.xcconfig */,
				5C12D61A22C9F996009CE7E2 /* staging.xcconfig */,
				5C12D61B22C9F9A6009CE7E2 /* production.xcconfig */,
			);
			path = Configs;
			sourceTree = "<group>";
		};
		5C10288622CC62CD00A4F16F /* Storyboards */ = {
			isa = PBXGroup;
			children = (
				5C12D5FE22C9EBAB009CE7E2 /* LaunchScreen.storyboard */,
			);
			path = Storyboards;
			sourceTree = "<group>";
		};
		5C12D5E922C9EBA0009CE7E2 = {
			isa = PBXGroup;
			children = (
				5CD8225D22DF212E005E89E5 /* Metadata */,
				5C12D5F422C9EBA0009CE7E2 /* {{cookiecutter.app_name}} */,
				5C12D60922C9EBAB009CE7E2 /* {{cookiecutter.app_name}}Tests */,
				5C12D5F322C9EBA0009CE7E2 /* Products */,
				BA82AEEC498B77510E733A06 /* Pods */,
				A261945188EBE895D6FCFFF6 /* Frameworks */,
			);
			sourceTree = "<group>";
		};
		5C12D5F322C9EBA0009CE7E2 /* Products */ = {
			isa = PBXGroup;
			children = (
				5C12D5F222C9EBA0009CE7E2 /* {{cookiecutter.app_name}}.app */,
				5C12D60622C9EBAB009CE7E2 /* {{cookiecutter.app_name}}Tests.xctest */,
			);
			name = Products;
			sourceTree = "<group>";
		};
		5C12D5F422C9EBA0009CE7E2 /* {{cookiecutter.app_name}} */ = {
			isa = PBXGroup;
			children = (
				5C10286622CC48F900A4F16F /* Classes */,
				5C10286522CC48D100A4F16F /* Resources */,
				5C10288422CC628900A4F16F /* Supporting Files */,
			);
			path = "{{cookiecutter.app_name}}";
			sourceTree = "<group>";
		};
		5C12D60922C9EBAB009CE7E2 /* {{cookiecutter.app_name}}Tests */ = {
			isa = PBXGroup;
			children = (
				5C12D60A22C9EBAB009CE7E2 /* __cookiecutter_app_name__Tests.swift */,
				5C12D60C22C9EBAB009CE7E2 /* Info.plist */,
			);
			path = "{{cookiecutter.app_name}}Tests";
			sourceTree = "<group>";
		};
		5C12D61822C9F791009CE7E2 /* Configs */ = {
			isa = PBXGroup;
			children = (
				5CD8E18B22CAFF2F008E142C /* Configuration.swift */,
			);
			path = Configs;
			sourceTree = "<group>";
		};
		5C1EA28F22CF30CA00E4253D /* Module */ = {
			isa = PBXGroup;
			children = (
				5C1EA29022CF30E100E4253D /* Module.swift */,
			);
			path = Module;
			sourceTree = "<group>";
		};
		5C1EA2AF22CF381B00E4253D /* Onboarding */ = {
			isa = PBXGroup;
			children = (
				5C1EA2D022CF3EEE00E4253D /* Onboarding.storyboard */,
				5C1EA2D122CF3EEE00E4253D /* OnboardingContracts.swift */,
				5C1EA2D222CF3EEE00E4253D /* OnboardingViewController.swift */,
				5C1EA2D322CF3EEE00E4253D /* OnboardingAssembly.swift */,
			);
			path = Onboarding;
			sourceTree = "<group>";
		};
		5C1EA2CC22CF3C2B00E4253D /* Extensions */ = {
			isa = PBXGroup;
			children = (
				5C4F1E5C22E180EA00F67B82 /* Dictionary+Plist.swift */,
				5C4F1E6022E1C81100F67B82 /* Global+Extension.swift */,
				5C8A5EA222DD8B0500884EF4 /* UIColor+App.swift */,
				5C2C2B4322E5CAC700CE7F41 /* UIFont+App.swift */,
				5C37A85A22E8047C00CD080D /* UISearchBar+TextBackgroundColor.swift */,
				5C37A85B22E8047C00CD080D /* UIView+Anchors.swift */,
			);
			path = Extensions;
			sourceTree = "<group>";
		};
		5C1EA2CD22CF3DCA00E4253D /* Storyboard */ = {
			isa = PBXGroup;
			children = (
				5C1EA2CE22CF3DE600E4253D /* Storyboarded.swift */,
			);
			path = Storyboard;
			sourceTree = "<group>";
		};
		5C2C2B3722E56B0E00CE7F41 /* Logger */ = {
			isa = PBXGroup;
			children = (
				5C2C2B3B22E5BADE00CE7F41 /* LogServiceAssembly.swift */,
				5C2C2B3C22E5BADE00CE7F41 /* LogService.swift */,
				5C2C2B3D22E5BADE00CE7F41 /* LogServiceType.swift */,
				5C2C2B4122E5C18900CE7F41 /* LogFormatter.swift */,
			);
			path = Logger;
			sourceTree = "<group>";
		};
		5C2C2B3822E576BA00CE7F41 /* Services */ = {
			isa = PBXGroup;
			children = (
				5C10286E22CC54BA00A4F16F /* LaunchAppDelegate.swift */,
				5C10286C22CC546000A4F16F /* PushNotificationsAppDelegate.swift */,
				5C10287022CC554400A4F16F /* ThirdPartiesConfigurationAppDelegate.swift */,
			);
			path = Services;
			sourceTree = "<group>";
		};
		5C2DBA2822DC3442001BF6F8 /* Login */ = {
			isa = PBXGroup;
			children = (
				5C2DBA3422DC364A001BF6F8 /* LoginContracts.swift */,
				5C2DBA3522DC364A001BF6F8 /* LoginViewController.swift */,
				5C2DBA3622DC364A001BF6F8 /* LoginAssembly.swift */,
			);
			path = Login;
			sourceTree = "<group>";
		};
		5C2DBA2922DC34C8001BF6F8 /* Registration */ = {
			isa = PBXGroup;
			children = (
				5C2DBA3C22DC3661001BF6F8 /* RegistrationContracts.swift */,
				5C2DBA3D22DC3661001BF6F8 /* RegistrationViewController.swift */,
				5C2DBA3E22DC3661001BF6F8 /* RegistrationAssembly.swift */,
			);
			path = Registration;
			sourceTree = "<group>";
		};
		5C2DBA2A22DC34D5001BF6F8 /* Authorization */ = {
			isa = PBXGroup;
			children = (
				5C2DBA4B22DC82A0001BF6F8 /* Storyboards */,
				5C2DBA2822DC3442001BF6F8 /* Login */,
				5C2DBA2922DC34C8001BF6F8 /* Registration */,
			);
			path = Authorization;
			sourceTree = "<group>";
		};
		5C2DBA4322DC36B2001BF6F8 /* Main */ = {
			isa = PBXGroup;
			children = (
				5C8A5E9722DD75F600884EF4 /* Main.storyboard */,
				5C8A5E9822DD75F600884EF4 /* MainContracts.swift */,
				5C8A5E9922DD75F600884EF4 /* MainViewController.swift */,
				5C8A5E9A22DD75F600884EF4 /* MainAssembly.swift */,
			);
			path = Main;
			sourceTree = "<group>";
		};
		5C2DBA4422DC37B6001BF6F8 /* AuthCoordinator */ = {
			isa = PBXGroup;
			children = (
				5C2DBA4522DC37E0001BF6F8 /* AuthCoordinatorAssembly.swift */,
				5C2DBA4622DC37E0001BF6F8 /* AuthCoordinator.swift */,
				5C2DBA4722DC37E0001BF6F8 /* AuthCoordinatorType.swift */,
			);
			path = AuthCoordinator;
			sourceTree = "<group>";
		};
		5C2DBA4B22DC82A0001BF6F8 /* Storyboards */ = {
			isa = PBXGroup;
			children = (
				5C2DBA4C22DC82CD001BF6F8 /* Authentication.storyboard */,
			);
			path = Storyboards;
			sourceTree = "<group>";
		};
		5C37A84822E8038200CD080D /* Views */ = {
			isa = PBXGroup;
			children = (
				5C37A84C22E803BE00CD080D /* Cell */,
				5C37A84A22E803BE00CD080D /* LoadingView.swift */,
				5C37A84B22E803BE00CD080D /* NoConnectionView.swift */,
				5C37A86822E84CCE00CD080D /* SearchBar.swift */,
			);
			path = Views;
			sourceTree = "<group>";
		};
		5C37A84922E8038C00CD080D /* ViewControllers */ = {
			isa = PBXGroup;
			children = (
				5C37A85E22E804C700CD080D /* BaseCollectionViewController.swift */,
			);
			path = ViewControllers;
			sourceTree = "<group>";
		};
		5C37A84C22E803BE00CD080D /* Cell */ = {
			isa = PBXGroup;
			children = (
				5C37A84E22E803BE00CD080D /* BaseCollectionCell.swift */,
				5C37A85222E803BE00CD080D /* BaseTableCell.swift */,
				5C37A84D22E803BE00CD080D /* CellType.swift */,
				5C37A84F22E803BE00CD080D /* Models */,
			);
			path = Cell;
			sourceTree = "<group>";
		};
		5C37A84F22E803BE00CD080D /* Models */ = {
			isa = PBXGroup;
			children = (
				5C37A85022E803BE00CD080D /* BaseCellModel.swift */,
				5C37A85122E803BE00CD080D /* CellModelType.swift */,
			);
			path = Models;
			sourceTree = "<group>";
		};
		5C37A86A22E84CF600CD080D /* Utils */ = {
			isa = PBXGroup;
			children = (
				5C37A86B22E84CF600CD080D /* Throttler.swift */,
			);
			path = Utils;
			sourceTree = "<group>";
		};
		5C8A5E9F22DD89EA00884EF4 /* Miscs */ = {
			isa = PBXGroup;
			children = (
				5C8A5EBB22DDB4F900884EF4 /* Test */,
				5C8A5EBA22DDB4C900884EF4 /* Debug */,
			);
			path = Miscs;
			sourceTree = "<group>";
		};
		5C8A5EAC22DDB22200884EF4 /* Tabbar */ = {
			isa = PBXGroup;
			children = (
				5C8A5EAD22DDB25800884EF4 /* TabbarContracts.swift */,
				5C8A5EAE22DDB25800884EF4 /* TabbarViewController.swift */,
				5C8A5EAF22DDB25800884EF4 /* TabbarAssembly.swift */,
			);
			path = Tabbar;
			sourceTree = "<group>";
		};
		5C8A5EB322DDB28000884EF4 /* TabbarCoordinator */ = {
			isa = PBXGroup;
			children = (
				5C8A5EB422DDB29E00884EF4 /* TabbarCoordinatorAssembly.swift */,
				5C8A5EB522DDB29E00884EF4 /* TabbarCoordinator.swift */,
				5C8A5EB622DDB29E00884EF4 /* TabbarCoordinatorType.swift */,
			);
			path = TabbarCoordinator;
			sourceTree = "<group>";
		};
		5C8A5EBA22DDB4C900884EF4 /* Debug */ = {
			isa = PBXGroup;
			children = (
				5C8A5EC522DDB53D00884EF4 /* DebugContracts.swift */,
				5C8A5EC622DDB53D00884EF4 /* DebugViewController.swift */,
				5C8A5EC722DDB53D00884EF4 /* DebugAssembly.swift */,
			);
			path = Debug;
			sourceTree = "<group>";
		};
		5C8A5EBB22DDB4F900884EF4 /* Test */ = {
			isa = PBXGroup;
			children = (
				5C8A5EBD22DDB52D00884EF4 /* TestContracts.swift */,
				5C8A5EBE22DDB52D00884EF4 /* TestViewController.swift */,
				5C8A5EBF22DDB52D00884EF4 /* TestAssembly.swift */,
			);
			path = Test;
			sourceTree = "<group>";
		};
		5C9ACB1722D037C100B59620 /* Services */ = {
			isa = PBXGroup;
			children = (
				5C9ACB4022D057DF00B59620 /* AppConfig */,
				5C9ACB3F22D0546300B59620 /* Environment */,
				5C2C2B3722E56B0E00CE7F41 /* Logger */,
			);
			path = Services;
			sourceTree = "<group>";
		};
		5C9ACB1822D03B1200B59620 /* MainCoordinator */ = {
			isa = PBXGroup;
			children = (
				5C9ACB2622D03CCD00B59620 /* MainCoordinator.swift */,
				5C9ACB2522D03CCD00B59620 /* MainCoordinatorAssembly.swift */,
				5C9ACB2722D03CCD00B59620 /* MainCoordinatorType.swift */,
			);
			path = MainCoordinator;
			sourceTree = "<group>";
		};
		5C9ACB3F22D0546300B59620 /* Environment */ = {
			isa = PBXGroup;
			children = (
				5C9ACB3A22D0522100B59620 /* EnvironmentService.swift */,
				5C9ACB3922D0522100B59620 /* EnvironmentServiceAssembly.swift */,
				5C9ACB3B22D0522100B59620 /* EnvironmentServiceType.swift */,
			);
			path = Environment;
			sourceTree = "<group>";
		};
		5C9ACB4022D057DF00B59620 /* AppConfig */ = {
			isa = PBXGroup;
			children = (
				5C9ACB4122D0580200B59620 /* AppConfigServiceAssembly.swift */,
				5C9ACB4222D0580200B59620 /* AppConfigService.swift */,
				5C9ACB4322D0580200B59620 /* AppConfigServiceType.swift */,
			);
			path = AppConfig;
			sourceTree = "<group>";
		};
		5CA2551722CE54790030D30B /* Modules */ = {
			isa = PBXGroup;
			children = (
				5C8A5EAC22DDB22200884EF4 /* Tabbar */,
				5C2DBA2A22DC34D5001BF6F8 /* Authorization */,
				5C2DBA4322DC36B2001BF6F8 /* Main */,
				5C8A5E9F22DD89EA00884EF4 /* Miscs */,
				5C1EA2AF22CF381B00E4253D /* Onboarding */,
			);
			path = Modules;
			sourceTree = "<group>";
		};
		5CA2551B22CE5EA00030D30B /* DI */ = {
			isa = PBXGroup;
			children = (
				5CA2551C22CE5EC80030D30B /* ModuleAssembly.swift */,
				5C4F1E6222E1D02A00F67B82 /* DependencyManager.swift */,
			);
			path = DI;
			sourceTree = "<group>";
		};
		5CA2551E22CE602F0030D30B /* Assemblys */ = {
			isa = PBXGroup;
			children = (
				5CA2551F22CE60740030D30B /* Coordinators */,
				5CA2551722CE54790030D30B /* Modules */,
			);
			path = Assemblys;
			sourceTree = "<group>";
		};
		5CA2551F22CE60740030D30B /* Coordinators */ = {
			isa = PBXGroup;
			children = (
				5C8A5EB322DDB28000884EF4 /* TabbarCoordinator */,
				5C2DBA4422DC37B6001BF6F8 /* AuthCoordinator */,
				5C9ACB1822D03B1200B59620 /* MainCoordinator */,
				5CA2552022CE609F0030D30B /* AppCoordinator */,
			);
			path = Coordinators;
			sourceTree = "<group>";
		};
		5CA2552022CE609F0030D30B /* AppCoordinator */ = {
			isa = PBXGroup;
			children = (
				5C9ACB2E22D0418000B59620 /* AppCoordinator.swift */,
				5C9ACB2D22D0418000B59620 /* AppCoordinatorAssembly.swift */,
				5C9ACB2F22D0418000B59620 /* AppCoordinatorType.swift */,
				5C1EA28D22CF2B7100E4253D /* LaunchInstructor.swift */,
			);
			path = AppCoordinator;
			sourceTree = "<group>";
		};
		5CD8225D22DF212E005E89E5 /* Metadata */ = {
			isa = PBXGroup;
			children = (
				5CD8225E22DF215B005E89E5 /* .swiftlint.yml */,
			);
			name = Metadata;
			sourceTree = "<group>";
		};
		A261945188EBE895D6FCFFF6 /* Frameworks */ = {
			isa = PBXGroup;
			children = (
				10FEF9997B08DF7494E2A4A2 /* Pods___cookiecutter_app_name__.framework */,
				8F0319BC5B279BBF78E2C8F8 /* Pods___cookiecutter_app_name_____cookiecutter_app_name__Tests.framework */,
			);
			name = Frameworks;
			sourceTree = "<group>";
		};
		BA82AEEC498B77510E733A06 /* Pods */ = {
			isa = PBXGroup;
			children = (
				E304A9DD4F769BFAE464AC3A /* Pods-{{cookiecutter.app_name}}.development.xcconfig */,
				27AC7D1B79891D690E2072E2 /* Pods-{{cookiecutter.app_name}}.staging.xcconfig */,
				1BF1E9CCE78C001CFAD2149C /* Pods-{{cookiecutter.app_name}}.production.xcconfig */,
				2F0547D7E9A800CB9D5529A0 /* Pods-{{cookiecutter.app_name}}-{{cookiecutter.app_name}}Tests.development.xcconfig */,
				01CEC77430310FBED1ACC661 /* Pods-{{cookiecutter.app_name}}-{{cookiecutter.app_name}}Tests.staging.xcconfig */,
				32884BE2BF2731E487ECC9B2 /* Pods-{{cookiecutter.app_name}}-{{cookiecutter.app_name}}Tests.production.xcconfig */,
			);
			path = Pods;
			sourceTree = "<group>";
		};
/* End PBXGroup section */

/* Begin PBXNativeTarget section */
		5C12D5F122C9EBA0009CE7E2 /* {{cookiecutter.app_name}} */ = {
			isa = PBXNativeTarget;
			buildConfigurationList = 5C12D60F22C9EBAB009CE7E2 /* Build configuration list for PBXNativeTarget "{{cookiecutter.app_name}}" */;
			buildPhases = (
				99139E97E2E26FA6C4A74943 /* [CP] Check Pods Manifest.lock */,
				5C12D5EE22C9EBA0009CE7E2 /* Sources */,
				5C12D5EF22C9EBA0009CE7E2 /* Frameworks */,
				5C12D5F022C9EBA0009CE7E2 /* Resources */,
				6C3A475B7F8749B6315883D3 /* [CP] Embed Pods Frameworks */,
				5CD8225C22DF1EAA005E89E5 /* SwiftLint */,
			);
			buildRules = (
			);
			dependencies = (
			);
			name = "{{cookiecutter.app_name}}";
			productName = "{{cookiecutter.app_name}}";
			productReference = 5C12D5F222C9EBA0009CE7E2 /* {{cookiecutter.app_name}}.app */;
			productType = "com.apple.product-type.application";
		};
		5C12D60522C9EBAB009CE7E2 /* {{cookiecutter.app_name}}Tests */ = {
			isa = PBXNativeTarget;
			buildConfigurationList = 5C12D61222C9EBAB009CE7E2 /* Build configuration list for PBXNativeTarget "{{cookiecutter.app_name}}Tests" */;
			buildPhases = (
				8065EF16FFEFA4E93FCAD335 /* [CP] Check Pods Manifest.lock */,
				5C12D60222C9EBAB009CE7E2 /* Sources */,
				5C12D60322C9EBAB009CE7E2 /* Frameworks */,
				5C12D60422C9EBAB009CE7E2 /* Resources */,
				FD32D86C2F82C79C404AB719 /* [CP] Embed Pods Frameworks */,
			);
			buildRules = (
			);
			dependencies = (
				5C12D60822C9EBAB009CE7E2 /* PBXTargetDependency */,
			);
			name = "{{cookiecutter.app_name}}Tests";
			productName = "{{cookiecutter.app_name}}Tests";
			productReference = 5C12D60622C9EBAB009CE7E2 /* {{cookiecutter.app_name}}Tests.xctest */;
			productType = "com.apple.product-type.bundle.unit-test";
		};
/* End PBXNativeTarget section */

/* Begin PBXProject section */
		5C12D5EA22C9EBA0009CE7E2 /* Project object */ = {
			isa = PBXProject;
			attributes = {
				LastSwiftUpdateCheck = 1020;
				LastUpgradeCheck = 1020;
				ORGANIZATIONNAME = "{{cookiecutter.organization}}";
				TargetAttributes = {
					5C12D5F122C9EBA0009CE7E2 = {
						CreatedOnToolsVersion = 10.2.1;
					};
					5C12D60522C9EBAB009CE7E2 = {
						CreatedOnToolsVersion = 10.2.1;
						TestTargetID = 5C12D5F122C9EBA0009CE7E2;
					};
				};
			};
			buildConfigurationList = 5C12D5ED22C9EBA0009CE7E2 /* Build configuration list for PBXProject "{{cookiecutter.app_name}}" */;
			compatibilityVersion = "Xcode 9.3";
			developmentRegion = en;
			hasScannedForEncodings = 0;
			knownRegions = (
				en,
				Base,
			);
			mainGroup = 5C12D5E922C9EBA0009CE7E2;
			productRefGroup = 5C12D5F322C9EBA0009CE7E2 /* Products */;
			projectDirPath = "";
			projectRoot = "";
			targets = (
				5C12D5F122C9EBA0009CE7E2 /* {{cookiecutter.app_name}} */,
				5C12D60522C9EBAB009CE7E2 /* {{cookiecutter.app_name}}Tests */,
			);
		};
/* End PBXProject section */

/* Begin PBXResourcesBuildPhase section */
		5C12D5F022C9EBA0009CE7E2 /* Resources */ = {
			isa = PBXResourcesBuildPhase;
			buildActionMask = 2147483647;
			files = (
				5C2DBA4D22DC82CD001BF6F8 /* Authentication.storyboard in Resources */,
				5C1EA2D422CF3EEE00E4253D /* Onboarding.storyboard in Resources */,
				5C8A5E9B22DD75F600884EF4 /* Main.storyboard in Resources */,
				5C12D60022C9EBAB009CE7E2 /* LaunchScreen.storyboard in Resources */,
				5C12D5FD22C9EBAB009CE7E2 /* Assets.xcassets in Resources */,
			);
			runOnlyForDeploymentPostprocessing = 0;
		};
		5C12D60422C9EBAB009CE7E2 /* Resources */ = {
			isa = PBXResourcesBuildPhase;
			buildActionMask = 2147483647;
			files = (
			);
			runOnlyForDeploymentPostprocessing = 0;
		};
/* End PBXResourcesBuildPhase section */

/* Begin PBXShellScriptBuildPhase section */
		5CD8225C22DF1EAA005E89E5 /* SwiftLint */ = {
			isa = PBXShellScriptBuildPhase;
			buildActionMask = 2147483647;
			files = (
			);
			inputFileListPaths = (
			);
			inputPaths = (
			);
			name = SwiftLint;
			outputFileListPaths = (
			);
			outputPaths = (
			);
			runOnlyForDeploymentPostprocessing = 0;
			shellPath = /bin/sh;
			shellScript = "if which swiftlint >/dev/null; then\n  swiftlint\nelse\n  echo \"warning: SwiftLint not installed, download from https://github.com/realm/SwiftLint\"\nfi\n";
		};
		6C3A475B7F8749B6315883D3 /* [CP] Embed Pods Frameworks */ = {
			isa = PBXShellScriptBuildPhase;
			buildActionMask = 2147483647;
			files = (
			);
			inputFileListPaths = (
				"${PODS_ROOT}/Target Support Files/Pods-{{cookiecutter.app_name}}/Pods-{{cookiecutter.app_name}}-frameworks-${CONFIGURATION}-input-files.xcfilelist",
			);
			name = "[CP] Embed Pods Frameworks";
			outputFileListPaths = (
				"${PODS_ROOT}/Target Support Files/Pods-{{cookiecutter.app_name}}/Pods-{{cookiecutter.app_name}}-frameworks-${CONFIGURATION}-output-files.xcfilelist",
			);
			runOnlyForDeploymentPostprocessing = 0;
			shellPath = /bin/sh;
			shellScript = "\"${PODS_ROOT}/Target Support Files/Pods-{{cookiecutter.app_name}}/Pods-{{cookiecutter.app_name}}-frameworks.sh\"\n";
			showEnvVarsInLog = 0;
		};
		8065EF16FFEFA4E93FCAD335 /* [CP] Check Pods Manifest.lock */ = {
			isa = PBXShellScriptBuildPhase;
			buildActionMask = 2147483647;
			files = (
			);
			inputFileListPaths = (
			);
			inputPaths = (
				"${PODS_PODFILE_DIR_PATH}/Podfile.lock",
				"${PODS_ROOT}/Manifest.lock",
			);
			name = "[CP] Check Pods Manifest.lock";
			outputFileListPaths = (
			);
			outputPaths = (
				"$(DERIVED_FILE_DIR)/Pods-{{cookiecutter.app_name}}-{{cookiecutter.app_name}}Tests-checkManifestLockResult.txt",
			);
			runOnlyForDeploymentPostprocessing = 0;
			shellPath = /bin/sh;
			shellScript = "diff \"${PODS_PODFILE_DIR_PATH}/Podfile.lock\" \"${PODS_ROOT}/Manifest.lock\" > /dev/null\nif [ $? != 0 ] ; then\n    # print error to STDERR\n    echo \"error: The sandbox is not in sync with the Podfile.lock. Run 'pod install' or update your CocoaPods installation.\" >&2\n    exit 1\nfi\n# This output is used by Xcode 'outputs' to avoid re-running this script phase.\necho \"SUCCESS\" > \"${SCRIPT_OUTPUT_FILE_0}\"\n";
			showEnvVarsInLog = 0;
		};
		99139E97E2E26FA6C4A74943 /* [CP] Check Pods Manifest.lock */ = {
			isa = PBXShellScriptBuildPhase;
			buildActionMask = 2147483647;
			files = (
			);
			inputFileListPaths = (
			);
			inputPaths = (
				"${PODS_PODFILE_DIR_PATH}/Podfile.lock",
				"${PODS_ROOT}/Manifest.lock",
			);
			name = "[CP] Check Pods Manifest.lock";
			outputFileListPaths = (
			);
			outputPaths = (
				"$(DERIVED_FILE_DIR)/Pods-{{cookiecutter.app_name}}-checkManifestLockResult.txt",
			);
			runOnlyForDeploymentPostprocessing = 0;
			shellPath = /bin/sh;
			shellScript = "diff \"${PODS_PODFILE_DIR_PATH}/Podfile.lock\" \"${PODS_ROOT}/Manifest.lock\" > /dev/null\nif [ $? != 0 ] ; then\n    # print error to STDERR\n    echo \"error: The sandbox is not in sync with the Podfile.lock. Run 'pod install' or update your CocoaPods installation.\" >&2\n    exit 1\nfi\n# This output is used by Xcode 'outputs' to avoid re-running this script phase.\necho \"SUCCESS\" > \"${SCRIPT_OUTPUT_FILE_0}\"\n";
			showEnvVarsInLog = 0;
		};
		FD32D86C2F82C79C404AB719 /* [CP] Embed Pods Frameworks */ = {
			isa = PBXShellScriptBuildPhase;
			buildActionMask = 2147483647;
			files = (
			);
			inputFileListPaths = (
				"${PODS_ROOT}/Target Support Files/Pods-{{cookiecutter.app_name}}-{{cookiecutter.app_name}}Tests/Pods-{{cookiecutter.app_name}}-{{cookiecutter.app_name}}Tests-frameworks-${CONFIGURATION}-input-files.xcfilelist",
			);
			name = "[CP] Embed Pods Frameworks";
			outputFileListPaths = (
				"${PODS_ROOT}/Target Support Files/Pods-{{cookiecutter.app_name}}-{{cookiecutter.app_name}}Tests/Pods-{{cookiecutter.app_name}}-{{cookiecutter.app_name}}Tests-frameworks-${CONFIGURATION}-output-files.xcfilelist",
			);
			runOnlyForDeploymentPostprocessing = 0;
			shellPath = /bin/sh;
			shellScript = "\"${PODS_ROOT}/Target Support Files/Pods-{{cookiecutter.app_name}}-{{cookiecutter.app_name}}Tests/Pods-{{cookiecutter.app_name}}-{{cookiecutter.app_name}}Tests-frameworks.sh\"\n";
			showEnvVarsInLog = 0;
		};
/* End PBXShellScriptBuildPhase section */

/* Begin PBXSourcesBuildPhase section */
		5C12D5EE22C9EBA0009CE7E2 /* Sources */ = {
			isa = PBXSourcesBuildPhase;
			buildActionMask = 2147483647;
			files = (
				5C1EA2D722CF3EEE00E4253D /* OnboardingAssembly.swift in Sources */,
				5C2DBA4822DC37E0001BF6F8 /* AuthCoordinatorAssembly.swift in Sources */,
				5C10287C22CC5F7F00A4F16F /* Router.swift in Sources */,
				5C9ACB3C22D0522100B59620 /* EnvironmentServiceAssembly.swift in Sources */,
				5C9ACB3122D0418000B59620 /* AppCoordinator.swift in Sources */,
				5C2DBA4122DC3661001BF6F8 /* RegistrationViewController.swift in Sources */,
				5C4F1E5D22E180EA00F67B82 /* Dictionary+Plist.swift in Sources */,
				5C37A85F22E804C700CD080D /* BaseCollectionViewController.swift in Sources */,
				5CD8E18C22CAFF2F008E142C /* Configuration.swift in Sources */,
				5C1EA29122CF30E100E4253D /* Module.swift in Sources */,
				5C8A5EB122DDB25800884EF4 /* TabbarViewController.swift in Sources */,
				5C8A5EB722DDB29F00884EF4 /* TabbarCoordinatorAssembly.swift in Sources */,
				5C4F1E6322E1D02A00F67B82 /* DependencyManager.swift in Sources */,
				5C10286D22CC546000A4F16F /* PushNotificationsAppDelegate.swift in Sources */,
				5C8A5EA322DD8B0500884EF4 /* UIColor+App.swift in Sources */,
				5C9ACB2822D03CCD00B59620 /* MainCoordinatorAssembly.swift in Sources */,
				5C1EA2D522CF3EEE00E4253D /* OnboardingContracts.swift in Sources */,
				5C9ACB3D22D0522100B59620 /* EnvironmentService.swift in Sources */,
				5C2C2B4222E5C18900CE7F41 /* LogFormatter.swift in Sources */,
				5C2DBA4022DC3661001BF6F8 /* RegistrationContracts.swift in Sources */,
				5C37A85822E803BE00CD080D /* CellModelType.swift in Sources */,
				5C8A5ECB22DDB53D00884EF4 /* DebugAssembly.swift in Sources */,
				5C2DBA3A22DC364A001BF6F8 /* LoginAssembly.swift in Sources */,
				5C9ACB2922D03CCD00B59620 /* MainCoordinator.swift in Sources */,
				5C8A5ECA22DDB53D00884EF4 /* DebugViewController.swift in Sources */,
				5C37A85522E803BE00CD080D /* CellType.swift in Sources */,
				5C2DBA4A22DC37E0001BF6F8 /* AuthCoordinatorType.swift in Sources */,
				5C8A5EC222DDB52D00884EF4 /* TestViewController.swift in Sources */,
				5C8A5E9E22DD75F600884EF4 /* MainAssembly.swift in Sources */,
				5C9ACB3222D0418000B59620 /* AppCoordinatorType.swift in Sources */,
				5C37A85922E803BE00CD080D /* BaseTableCell.swift in Sources */,
				5C8A5EC922DDB53D00884EF4 /* DebugContracts.swift in Sources */,
				5C37A86922E84CCE00CD080D /* SearchBar.swift in Sources */,
				5C2DBA3922DC364A001BF6F8 /* LoginViewController.swift in Sources */,
				5C10288122CC608500A4F16F /* DeepLinkOption.swift in Sources */,
				5C2C2B3A22E5AAAA00CE7F41 /* AppAssembly.swift in Sources */,
				5C1EA2D622CF3EEE00E4253D /* OnboardingViewController.swift in Sources */,
				5C10287822CC5E4900A4F16F /* Presentable.swift in Sources */,
				5C37A85422E803BE00CD080D /* NoConnectionView.swift in Sources */,
				5C10286F22CC54BA00A4F16F /* LaunchAppDelegate.swift in Sources */,
				5C2DBA4222DC3661001BF6F8 /* RegistrationAssembly.swift in Sources */,
				5C10287122CC554400A4F16F /* ThirdPartiesConfigurationAppDelegate.swift in Sources */,
				5C9ACB3E22D0522100B59620 /* EnvironmentServiceType.swift in Sources */,
				5C2C2B4022E5BADE00CE7F41 /* LogServiceType.swift in Sources */,
				5C8A5EC122DDB52D00884EF4 /* TestContracts.swift in Sources */,
				5C9ACB4522D0580200B59620 /* AppConfigService.swift in Sources */,
				5C2C2B3E22E5BADE00CE7F41 /* LogServiceAssembly.swift in Sources */,
				5C9ACB2A22D03CCD00B59620 /* MainCoordinatorType.swift in Sources */,
				5C4F1E6122E1C81100F67B82 /* Global+Extension.swift in Sources */,
				5C1EA28E22CF2B7100E4253D /* LaunchInstructor.swift in Sources */,
				5C2C2B4422E5CAC700CE7F41 /* UIFont+App.swift in Sources */,
				5C9ACB4622D0580200B59620 /* AppConfigServiceType.swift in Sources */,
				5C8A5EB922DDB29F00884EF4 /* TabbarCoordinatorType.swift in Sources */,
				5C10286B22CC4D7600A4F16F /* AppDelegateManager.swift in Sources */,
				5C8A5EC322DDB52D00884EF4 /* TestAssembly.swift in Sources */,
				5C8A5EB822DDB29F00884EF4 /* TabbarCoordinator.swift in Sources */,
				5C8A5EB222DDB25800884EF4 /* TabbarAssembly.swift in Sources */,
				5CA2551D22CE5EC80030D30B /* ModuleAssembly.swift in Sources */,
				5C2DBA3822DC364A001BF6F8 /* LoginContracts.swift in Sources */,
				5C2C2B3F22E5BADE00CE7F41 /* LogService.swift in Sources */,
				5C10287E22CC604700A4F16F /* CoordinatorType.swift in Sources */,
				5C2DBA4922DC37E0001BF6F8 /* AuthCoordinator.swift in Sources */,
				5C37A86C22E84CF600CD080D /* Throttler.swift in Sources */,
				5C8A5E9D22DD75F600884EF4 /* MainViewController.swift in Sources */,
				5C8A5EB022DDB25800884EF4 /* TabbarContracts.swift in Sources */,
				5C10288322CC60D300A4F16F /* BaseCoordinator.swift in Sources */,
				5C12D5F622C9EBA0009CE7E2 /* AppDelegate.swift in Sources */,
				5C37A85C22E8047C00CD080D /* UISearchBar+TextBackgroundColor.swift in Sources */,
				5C37A85622E803BE00CD080D /* BaseCollectionCell.swift in Sources */,
				5C37A85722E803BE00CD080D /* BaseCellModel.swift in Sources */,
				5C37A85D22E8047C00CD080D /* UIView+Anchors.swift in Sources */,
				5C8A5E9C22DD75F600884EF4 /* MainContracts.swift in Sources */,
				5C9ACB4422D0580200B59620 /* AppConfigServiceAssembly.swift in Sources */,
				5C1EA2CF22CF3DE600E4253D /* Storyboarded.swift in Sources */,
				5C37A85322E803BE00CD080D /* LoadingView.swift in Sources */,
				5C9ACB3022D0418000B59620 /* AppCoordinatorAssembly.swift in Sources */,
			);
			runOnlyForDeploymentPostprocessing = 0;
		};
		5C12D60222C9EBAB009CE7E2 /* Sources */ = {
			isa = PBXSourcesBuildPhase;
			buildActionMask = 2147483647;
			files = (
				5C12D60B22C9EBAB009CE7E2 /* __cookiecutter_app_name__Tests.swift in Sources */,
			);
			runOnlyForDeploymentPostprocessing = 0;
		};
/* End PBXSourcesBuildPhase section */

/* Begin PBXTargetDependency section */
		5C12D60822C9EBAB009CE7E2 /* PBXTargetDependency */ = {
			isa = PBXTargetDependency;
			target = 5C12D5F122C9EBA0009CE7E2 /* {{cookiecutter.app_name}} */;
			targetProxy = 5C12D60722C9EBAB009CE7E2 /* PBXContainerItemProxy */;
		};
/* End PBXTargetDependency section */

/* Begin PBXVariantGroup section */
		5C12D5FE22C9EBAB009CE7E2 /* LaunchScreen.storyboard */ = {
			isa = PBXVariantGroup;
			children = (
				5C12D5FF22C9EBAB009CE7E2 /* Base */,
			);
			name = LaunchScreen.storyboard;
			sourceTree = "<group>";
		};
/* End PBXVariantGroup section */

/* Begin XCBuildConfiguration section */
		5C12D60D22C9EBAB009CE7E2 /* Development */ = {
			isa = XCBuildConfiguration;
			baseConfigurationReference = 5C12D61922C9F985009CE7E2 /* development.xcconfig */;
			buildSettings = {
				ALWAYS_SEARCH_USER_PATHS = NO;
				CLANG_ANALYZER_NONNULL = YES;
				CLANG_ANALYZER_NUMBER_OBJECT_CONVERSION = YES_AGGRESSIVE;
				CLANG_CXX_LANGUAGE_STANDARD = "gnu++14";
				CLANG_CXX_LIBRARY = "libc++";
				CLANG_ENABLE_MODULES = YES;
				CLANG_ENABLE_OBJC_ARC = YES;
				CLANG_ENABLE_OBJC_WEAK = YES;
				CLANG_WARN_BLOCK_CAPTURE_AUTORELEASING = YES;
				CLANG_WARN_BOOL_CONVERSION = YES;
				CLANG_WARN_COMMA = YES;
				CLANG_WARN_CONSTANT_CONVERSION = YES;
				CLANG_WARN_DEPRECATED_OBJC_IMPLEMENTATIONS = YES;
				CLANG_WARN_DIRECT_OBJC_ISA_USAGE = YES_ERROR;
				CLANG_WARN_DOCUMENTATION_COMMENTS = YES;
				CLANG_WARN_EMPTY_BODY = YES;
				CLANG_WARN_ENUM_CONVERSION = YES;
				CLANG_WARN_INFINITE_RECURSION = YES;
				CLANG_WARN_INT_CONVERSION = YES;
				CLANG_WARN_NON_LITERAL_NULL_CONVERSION = YES;
				CLANG_WARN_OBJC_IMPLICIT_RETAIN_SELF = YES;
				CLANG_WARN_OBJC_LITERAL_CONVERSION = YES;
				CLANG_WARN_OBJC_ROOT_CLASS = YES_ERROR;
				CLANG_WARN_RANGE_LOOP_ANALYSIS = YES;
				CLANG_WARN_STRICT_PROTOTYPES = YES;
				CLANG_WARN_SUSPICIOUS_MOVE = YES;
				CLANG_WARN_UNGUARDED_AVAILABILITY = YES_AGGRESSIVE;
				CLANG_WARN_UNREACHABLE_CODE = YES;
				CLANG_WARN__DUPLICATE_METHOD_MATCH = YES;
				CODE_SIGN_IDENTITY = "iPhone Developer";
				COPY_PHASE_STRIP = NO;
				DEBUG_INFORMATION_FORMAT = dwarf;
				ENABLE_STRICT_OBJC_MSGSEND = YES;
				ENABLE_TESTABILITY = YES;
				GCC_C_LANGUAGE_STANDARD = gnu11;
				GCC_DYNAMIC_NO_PIC = NO;
				GCC_NO_COMMON_BLOCKS = YES;
				GCC_OPTIMIZATION_LEVEL = 0;
				GCC_PREPROCESSOR_DEFINITIONS = (
					"DEBUG=1",
					"$(inherited)",
				);
				GCC_WARN_64_TO_32_BIT_CONVERSION = YES;
				GCC_WARN_ABOUT_RETURN_TYPE = YES_ERROR;
				GCC_WARN_UNDECLARED_SELECTOR = YES;
				GCC_WARN_UNINITIALIZED_AUTOS = YES_AGGRESSIVE;
				GCC_WARN_UNUSED_FUNCTION = YES;
				GCC_WARN_UNUSED_VARIABLE = YES;
				IPHONEOS_DEPLOYMENT_TARGET = 12.2;
				MTL_ENABLE_DEBUG_INFO = INCLUDE_SOURCE;
				MTL_FAST_MATH = YES;
				ONLY_ACTIVE_ARCH = YES;
				SDKROOT = iphoneos;
				SWIFT_ACTIVE_COMPILATION_CONDITIONS = DEBUG;
				SWIFT_OPTIMIZATION_LEVEL = "-Onone";
			};
			name = Development;
		};
		5C12D60E22C9EBAB009CE7E2 /* Production */ = {
			isa = XCBuildConfiguration;
			baseConfigurationReference = 5C12D61B22C9F9A6009CE7E2 /* production.xcconfig */;
			buildSettings = {
				ALWAYS_SEARCH_USER_PATHS = NO;
				CLANG_ANALYZER_NONNULL = YES;
				CLANG_ANALYZER_NUMBER_OBJECT_CONVERSION = YES_AGGRESSIVE;
				CLANG_CXX_LANGUAGE_STANDARD = "gnu++14";
				CLANG_CXX_LIBRARY = "libc++";
				CLANG_ENABLE_MODULES = YES;
				CLANG_ENABLE_OBJC_ARC = YES;
				CLANG_ENABLE_OBJC_WEAK = YES;
				CLANG_WARN_BLOCK_CAPTURE_AUTORELEASING = YES;
				CLANG_WARN_BOOL_CONVERSION = YES;
				CLANG_WARN_COMMA = YES;
				CLANG_WARN_CONSTANT_CONVERSION = YES;
				CLANG_WARN_DEPRECATED_OBJC_IMPLEMENTATIONS = YES;
				CLANG_WARN_DIRECT_OBJC_ISA_USAGE = YES_ERROR;
				CLANG_WARN_DOCUMENTATION_COMMENTS = YES;
				CLANG_WARN_EMPTY_BODY = YES;
				CLANG_WARN_ENUM_CONVERSION = YES;
				CLANG_WARN_INFINITE_RECURSION = YES;
				CLANG_WARN_INT_CONVERSION = YES;
				CLANG_WARN_NON_LITERAL_NULL_CONVERSION = YES;
				CLANG_WARN_OBJC_IMPLICIT_RETAIN_SELF = YES;
				CLANG_WARN_OBJC_LITERAL_CONVERSION = YES;
				CLANG_WARN_OBJC_ROOT_CLASS = YES_ERROR;
				CLANG_WARN_RANGE_LOOP_ANALYSIS = YES;
				CLANG_WARN_STRICT_PROTOTYPES = YES;
				CLANG_WARN_SUSPICIOUS_MOVE = YES;
				CLANG_WARN_UNGUARDED_AVAILABILITY = YES_AGGRESSIVE;
				CLANG_WARN_UNREACHABLE_CODE = YES;
				CLANG_WARN__DUPLICATE_METHOD_MATCH = YES;
				CODE_SIGN_IDENTITY = "iPhone Developer";
				COPY_PHASE_STRIP = NO;
				DEBUG_INFORMATION_FORMAT = "dwarf-with-dsym";
				ENABLE_NS_ASSERTIONS = NO;
				ENABLE_STRICT_OBJC_MSGSEND = YES;
				GCC_C_LANGUAGE_STANDARD = gnu11;
				GCC_NO_COMMON_BLOCKS = YES;
				GCC_WARN_64_TO_32_BIT_CONVERSION = YES;
				GCC_WARN_ABOUT_RETURN_TYPE = YES_ERROR;
				GCC_WARN_UNDECLARED_SELECTOR = YES;
				GCC_WARN_UNINITIALIZED_AUTOS = YES_AGGRESSIVE;
				GCC_WARN_UNUSED_FUNCTION = YES;
				GCC_WARN_UNUSED_VARIABLE = YES;
				IPHONEOS_DEPLOYMENT_TARGET = 12.2;
				MTL_ENABLE_DEBUG_INFO = NO;
				MTL_FAST_MATH = YES;
				SDKROOT = iphoneos;
				SWIFT_COMPILATION_MODE = wholemodule;
				SWIFT_OPTIMIZATION_LEVEL = "-O";
				VALIDATE_PRODUCT = YES;
			};
			name = Production;
		};
		5C12D61022C9EBAB009CE7E2 /* Development */ = {
			isa = XCBuildConfiguration;
			baseConfigurationReference = 5C12D61922C9F985009CE7E2 /* development.xcconfig */;
			buildSettings = {
				ASSETCATALOG_COMPILER_APPICON_NAME = AppIcon;
				CODE_SIGN_STYLE = Automatic;
				INFOPLIST_FILE = "{{cookiecutter.app_name}}/Info.plist";
				LD_RUNPATH_SEARCH_PATHS = (
					"$(inherited)",
					"@executable_path/Frameworks",
				);
				PRODUCT_BUNDLE_IDENTIFIER = your.bundle.id;
				PRODUCT_NAME = "$(TARGET_NAME)";
				SWIFT_VERSION = 5.0;
				TARGETED_DEVICE_FAMILY = "1,2";
			};
			name = Development;
		};
		5C12D61122C9EBAB009CE7E2 /* Production */ = {
			isa = XCBuildConfiguration;
			baseConfigurationReference = 5C12D61B22C9F9A6009CE7E2 /* production.xcconfig */;
			buildSettings = {
				ASSETCATALOG_COMPILER_APPICON_NAME = AppIcon;
				CODE_SIGN_STYLE = Automatic;
				INFOPLIST_FILE = "{{cookiecutter.app_name}}/Info.plist";
				LD_RUNPATH_SEARCH_PATHS = (
					"$(inherited)",
					"@executable_path/Frameworks",
				);
				PRODUCT_BUNDLE_IDENTIFIER = your.bundle.id;
				PRODUCT_NAME = "$(TARGET_NAME)";
				SWIFT_VERSION = 5.0;
				TARGETED_DEVICE_FAMILY = "1,2";
			};
			name = Production;
		};
		5C12D61322C9EBAB009CE7E2 /* Development */ = {
			isa = XCBuildConfiguration;
			baseConfigurationReference = 2F0547D7E9A800CB9D5529A0 /* Pods-{{cookiecutter.app_name}}-{{cookiecutter.app_name}}Tests.development.xcconfig */;
			buildSettings = {
				ALWAYS_EMBED_SWIFT_STANDARD_LIBRARIES = "$(inherited)";
				BUNDLE_LOADER = "$(TEST_HOST)";
				CODE_SIGN_STYLE = Automatic;
				INFOPLIST_FILE = "{{cookiecutter.app_name}}Tests/Info.plist";
				LD_RUNPATH_SEARCH_PATHS = (
					"$(inherited)",
					"@executable_path/Frameworks",
					"@loader_path/Frameworks",
				);
				PRODUCT_BUNDLE_IDENTIFIER = "your.bundle.id.--cookiecutter-app-name--Tests";
				PRODUCT_NAME = "$(TARGET_NAME)";
				SWIFT_VERSION = 5.0;
				TARGETED_DEVICE_FAMILY = "1,2";
				TEST_HOST = "$(BUILT_PRODUCTS_DIR)/{{cookiecutter.app_name}}.app/{{cookiecutter.app_name}}";
			};
			name = Development;
		};
		5C12D61422C9EBAB009CE7E2 /* Production */ = {
			isa = XCBuildConfiguration;
			baseConfigurationReference = 32884BE2BF2731E487ECC9B2 /* Pods-{{cookiecutter.app_name}}-{{cookiecutter.app_name}}Tests.production.xcconfig */;
			buildSettings = {
				ALWAYS_EMBED_SWIFT_STANDARD_LIBRARIES = "$(inherited)";
				BUNDLE_LOADER = "$(TEST_HOST)";
				CODE_SIGN_STYLE = Automatic;
				INFOPLIST_FILE = "{{cookiecutter.app_name}}Tests/Info.plist";
				LD_RUNPATH_SEARCH_PATHS = (
					"$(inherited)",
					"@executable_path/Frameworks",
					"@loader_path/Frameworks",
				);
				PRODUCT_BUNDLE_IDENTIFIER = "your.bundle.id.--cookiecutter-app-name--Tests";
				PRODUCT_NAME = "$(TARGET_NAME)";
				SWIFT_VERSION = 5.0;
				TARGETED_DEVICE_FAMILY = "1,2";
				TEST_HOST = "$(BUILT_PRODUCTS_DIR)/{{cookiecutter.app_name}}.app/{{cookiecutter.app_name}}";
			};
			name = Production;
		};
		5C12D61522C9F543009CE7E2 /* Staging */ = {
			isa = XCBuildConfiguration;
			baseConfigurationReference = 5C12D61A22C9F996009CE7E2 /* staging.xcconfig */;
			buildSettings = {
				ALWAYS_SEARCH_USER_PATHS = NO;
				CLANG_ANALYZER_NONNULL = YES;
				CLANG_ANALYZER_NUMBER_OBJECT_CONVERSION = YES_AGGRESSIVE;
				CLANG_CXX_LANGUAGE_STANDARD = "gnu++14";
				CLANG_CXX_LIBRARY = "libc++";
				CLANG_ENABLE_MODULES = YES;
				CLANG_ENABLE_OBJC_ARC = YES;
				CLANG_ENABLE_OBJC_WEAK = YES;
				CLANG_WARN_BLOCK_CAPTURE_AUTORELEASING = YES;
				CLANG_WARN_BOOL_CONVERSION = YES;
				CLANG_WARN_COMMA = YES;
				CLANG_WARN_CONSTANT_CONVERSION = YES;
				CLANG_WARN_DEPRECATED_OBJC_IMPLEMENTATIONS = YES;
				CLANG_WARN_DIRECT_OBJC_ISA_USAGE = YES_ERROR;
				CLANG_WARN_DOCUMENTATION_COMMENTS = YES;
				CLANG_WARN_EMPTY_BODY = YES;
				CLANG_WARN_ENUM_CONVERSION = YES;
				CLANG_WARN_INFINITE_RECURSION = YES;
				CLANG_WARN_INT_CONVERSION = YES;
				CLANG_WARN_NON_LITERAL_NULL_CONVERSION = YES;
				CLANG_WARN_OBJC_IMPLICIT_RETAIN_SELF = YES;
				CLANG_WARN_OBJC_LITERAL_CONVERSION = YES;
				CLANG_WARN_OBJC_ROOT_CLASS = YES_ERROR;
				CLANG_WARN_RANGE_LOOP_ANALYSIS = YES;
				CLANG_WARN_STRICT_PROTOTYPES = YES;
				CLANG_WARN_SUSPICIOUS_MOVE = YES;
				CLANG_WARN_UNGUARDED_AVAILABILITY = YES_AGGRESSIVE;
				CLANG_WARN_UNREACHABLE_CODE = YES;
				CLANG_WARN__DUPLICATE_METHOD_MATCH = YES;
				CODE_SIGN_IDENTITY = "iPhone Developer";
				COPY_PHASE_STRIP = NO;
				DEBUG_INFORMATION_FORMAT = dwarf;
				ENABLE_STRICT_OBJC_MSGSEND = YES;
				ENABLE_TESTABILITY = YES;
				GCC_C_LANGUAGE_STANDARD = gnu11;
				GCC_DYNAMIC_NO_PIC = NO;
				GCC_NO_COMMON_BLOCKS = YES;
				GCC_OPTIMIZATION_LEVEL = 0;
				GCC_PREPROCESSOR_DEFINITIONS = (
					"DEBUG=1",
					"$(inherited)",
				);
				GCC_WARN_64_TO_32_BIT_CONVERSION = YES;
				GCC_WARN_ABOUT_RETURN_TYPE = YES_ERROR;
				GCC_WARN_UNDECLARED_SELECTOR = YES;
				GCC_WARN_UNINITIALIZED_AUTOS = YES_AGGRESSIVE;
				GCC_WARN_UNUSED_FUNCTION = YES;
				GCC_WARN_UNUSED_VARIABLE = YES;
				IPHONEOS_DEPLOYMENT_TARGET = 12.2;
				MTL_ENABLE_DEBUG_INFO = INCLUDE_SOURCE;
				MTL_FAST_MATH = YES;
				ONLY_ACTIVE_ARCH = YES;
				SDKROOT = iphoneos;
				SWIFT_ACTIVE_COMPILATION_CONDITIONS = DEBUG;
				SWIFT_OPTIMIZATION_LEVEL = "-Onone";
			};
			name = Staging;
		};
		5C12D61622C9F543009CE7E2 /* Staging */ = {
			isa = XCBuildConfiguration;
			baseConfigurationReference = 5C12D61A22C9F996009CE7E2 /* staging.xcconfig */;
			buildSettings = {
				ASSETCATALOG_COMPILER_APPICON_NAME = AppIcon;
				CODE_SIGN_STYLE = Automatic;
				INFOPLIST_FILE = "{{cookiecutter.app_name}}/Info.plist";
				LD_RUNPATH_SEARCH_PATHS = (
					"$(inherited)",
					"@executable_path/Frameworks",
				);
				PRODUCT_BUNDLE_IDENTIFIER = your.bundle.id;
				PRODUCT_NAME = "$(TARGET_NAME)";
				SWIFT_VERSION = 5.0;
				TARGETED_DEVICE_FAMILY = "1,2";
			};
			name = Staging;
		};
		5C12D61722C9F543009CE7E2 /* Staging */ = {
			isa = XCBuildConfiguration;
			baseConfigurationReference = 01CEC77430310FBED1ACC661 /* Pods-{{cookiecutter.app_name}}-{{cookiecutter.app_name}}Tests.staging.xcconfig */;
			buildSettings = {
				ALWAYS_EMBED_SWIFT_STANDARD_LIBRARIES = "$(inherited)";
				BUNDLE_LOADER = "$(TEST_HOST)";
				CODE_SIGN_STYLE = Automatic;
				INFOPLIST_FILE = "{{cookiecutter.app_name}}Tests/Info.plist";
				LD_RUNPATH_SEARCH_PATHS = (
					"$(inherited)",
					"@executable_path/Frameworks",
					"@loader_path/Frameworks",
				);
				PRODUCT_BUNDLE_IDENTIFIER = "your.bundle.id.--cookiecutter-app-name--Tests";
				PRODUCT_NAME = "$(TARGET_NAME)";
				SWIFT_VERSION = 5.0;
				TARGETED_DEVICE_FAMILY = "1,2";
				TEST_HOST = "$(BUILT_PRODUCTS_DIR)/{{cookiecutter.app_name}}.app/{{cookiecutter.app_name}}";
			};
			name = Staging;
		};
/* End XCBuildConfiguration section */

/* Begin XCConfigurationList section */
		5C12D5ED22C9EBA0009CE7E2 /* Build configuration list for PBXProject "{{cookiecutter.app_name}}" */ = {
			isa = XCConfigurationList;
			buildConfigurations = (
				5C12D60D22C9EBAB009CE7E2 /* Development */,
				5C12D61522C9F543009CE7E2 /* Staging */,
				5C12D60E22C9EBAB009CE7E2 /* Production */,
			);
			defaultConfigurationIsVisible = 0;
			defaultConfigurationName = Production;
		};
		5C12D60F22C9EBAB009CE7E2 /* Build configuration list for PBXNativeTarget "{{cookiecutter.app_name}}" */ = {
			isa = XCConfigurationList;
			buildConfigurations = (
				5C12D61022C9EBAB009CE7E2 /* Development */,
				5C12D61622C9F543009CE7E2 /* Staging */,
				5C12D61122C9EBAB009CE7E2 /* Production */,
			);
			defaultConfigurationIsVisible = 0;
			defaultConfigurationName = Production;
		};
		5C12D61222C9EBAB009CE7E2 /* Build configuration list for PBXNativeTarget "{{cookiecutter.app_name}}Tests" */ = {
			isa = XCConfigurationList;
			buildConfigurations = (
				5C12D61322C9EBAB009CE7E2 /* Development */,
				5C12D61722C9F543009CE7E2 /* Staging */,
				5C12D61422C9EBAB009CE7E2 /* Production */,
			);
			defaultConfigurationIsVisible = 0;
			defaultConfigurationName = Production;
		};
/* End XCConfigurationList section */
	};
	rootObject = 5C12D5EA22C9EBA0009CE7E2 /* Project object */;
}
